// !$*UTF8*$!
{
	archiveVersion = 1;
	classes = {
	};
	objectVersion = 45;
	objects = {

/* Begin PBXBuildFile section */
		8DD76F650486A84900D96B5E /* main.cpp in Sources */ = {isa = PBXBuildFile; fileRef = 08FB7796FE84155DC02AAC07 /* main.cpp */; settings = {ATTRIBUTES = (); }; };
		EA2247BB1333F6ED008E7B78 /* lapi.c in Sources */ = {isa = PBXBuildFile; fileRef = EA22479C1333F6ED008E7B78 /* lapi.c */; };
		EA2247BC1333F6ED008E7B78 /* lauxlib.c in Sources */ = {isa = PBXBuildFile; fileRef = EA22479D1333F6ED008E7B78 /* lauxlib.c */; };
		EA2247BD1333F6ED008E7B78 /* lbaselib.c in Sources */ = {isa = PBXBuildFile; fileRef = EA22479E1333F6ED008E7B78 /* lbaselib.c */; };
		EA2247BE1333F6ED008E7B78 /* lcode.c in Sources */ = {isa = PBXBuildFile; fileRef = EA22479F1333F6ED008E7B78 /* lcode.c */; };
		EA2247BF1333F6ED008E7B78 /* ldblib.c in Sources */ = {isa = PBXBuildFile; fileRef = EA2247A01333F6ED008E7B78 /* ldblib.c */; };
		EA2247C01333F6ED008E7B78 /* ldebug.c in Sources */ = {isa = PBXBuildFile; fileRef = EA2247A11333F6ED008E7B78 /* ldebug.c */; };
		EA2247C11333F6ED008E7B78 /* ldo.c in Sources */ = {isa = PBXBuildFile; fileRef = EA2247A21333F6ED008E7B78 /* ldo.c */; };
		EA2247C21333F6ED008E7B78 /* ldump.c in Sources */ = {isa = PBXBuildFile; fileRef = EA2247A31333F6ED008E7B78 /* ldump.c */; };
		EA2247C31333F6ED008E7B78 /* lfunc.c in Sources */ = {isa = PBXBuildFile; fileRef = EA2247A41333F6ED008E7B78 /* lfunc.c */; };
		EA2247C41333F6ED008E7B78 /* lgc.c in Sources */ = {isa = PBXBuildFile; fileRef = EA2247A51333F6ED008E7B78 /* lgc.c */; };
		EA2247C51333F6ED008E7B78 /* linit.c in Sources */ = {isa = PBXBuildFile; fileRef = EA2247A61333F6ED008E7B78 /* linit.c */; };
		EA2247C61333F6ED008E7B78 /* liolib.c in Sources */ = {isa = PBXBuildFile; fileRef = EA2247A71333F6ED008E7B78 /* liolib.c */; };
		EA2247C71333F6ED008E7B78 /* llex.c in Sources */ = {isa = PBXBuildFile; fileRef = EA2247A81333F6ED008E7B78 /* llex.c */; };
		EA2247C81333F6ED008E7B78 /* lmathlib.c in Sources */ = {isa = PBXBuildFile; fileRef = EA2247A91333F6ED008E7B78 /* lmathlib.c */; };
		EA2247C91333F6ED008E7B78 /* lmem.c in Sources */ = {isa = PBXBuildFile; fileRef = EA2247AA1333F6ED008E7B78 /* lmem.c */; };
		EA2247CA1333F6ED008E7B78 /* loadlib.c in Sources */ = {isa = PBXBuildFile; fileRef = EA2247AB1333F6ED008E7B78 /* loadlib.c */; };
		EA2247CB1333F6ED008E7B78 /* lobject.c in Sources */ = {isa = PBXBuildFile; fileRef = EA2247AC1333F6ED008E7B78 /* lobject.c */; };
		EA2247CC1333F6ED008E7B78 /* lopcodes.c in Sources */ = {isa = PBXBuildFile; fileRef = EA2247AD1333F6ED008E7B78 /* lopcodes.c */; };
		EA2247CD1333F6ED008E7B78 /* loslib.c in Sources */ = {isa = PBXBuildFile; fileRef = EA2247AE1333F6ED008E7B78 /* loslib.c */; };
		EA2247CE1333F6ED008E7B78 /* lparser.c in Sources */ = {isa = PBXBuildFile; fileRef = EA2247AF1333F6ED008E7B78 /* lparser.c */; };
		EA2247CF1333F6ED008E7B78 /* lstate.c in Sources */ = {isa = PBXBuildFile; fileRef = EA2247B01333F6ED008E7B78 /* lstate.c */; };
		EA2247D01333F6ED008E7B78 /* lstring.c in Sources */ = {isa = PBXBuildFile; fileRef = EA2247B11333F6ED008E7B78 /* lstring.c */; };
		EA2247D11333F6ED008E7B78 /* lstrlib.c in Sources */ = {isa = PBXBuildFile; fileRef = EA2247B21333F6ED008E7B78 /* lstrlib.c */; };
		EA2247D21333F6ED008E7B78 /* ltable.c in Sources */ = {isa = PBXBuildFile; fileRef = EA2247B31333F6ED008E7B78 /* ltable.c */; };
		EA2247D31333F6ED008E7B78 /* ltablib.c in Sources */ = {isa = PBXBuildFile; fileRef = EA2247B41333F6ED008E7B78 /* ltablib.c */; };
		EA2247D41333F6ED008E7B78 /* ltm.c in Sources */ = {isa = PBXBuildFile; fileRef = EA2247B51333F6ED008E7B78 /* ltm.c */; };
		EA2247D71333F6ED008E7B78 /* lundump.c in Sources */ = {isa = PBXBuildFile; fileRef = EA2247B81333F6ED008E7B78 /* lundump.c */; };
		EA2247D81333F6ED008E7B78 /* lvm.c in Sources */ = {isa = PBXBuildFile; fileRef = EA2247B91333F6ED008E7B78 /* lvm.c */; };
		EA2247D91333F6ED008E7B78 /* lzio.c in Sources */ = {isa = PBXBuildFile; fileRef = EA2247BA1333F6ED008E7B78 /* lzio.c */; };
		EA2248001333F73D008E7B78 /* luabridge.cpp in Sources */ = {isa = PBXBuildFile; fileRef = EA2247FE1333F73D008E7B78 /* luabridge.cpp */; };
		EA2248011333F73D008E7B78 /* shared_ptr.cpp in Sources */ = {isa = PBXBuildFile; fileRef = EA2247FF1333F73D008E7B78 /* shared_ptr.cpp */; };
		EA22480E1333F77F008E7B78 /* test.lua in CopyFiles */ = {isa = PBXBuildFile; fileRef = EA2247F61333F72D008E7B78 /* test.lua */; };
/* End PBXBuildFile section */

/* Begin PBXCopyFilesBuildPhase section */
		8DD76F690486A84900D96B5E /* CopyFiles */ = {
			isa = PBXCopyFilesBuildPhase;
			buildActionMask = 12;
			dstPath = "";
			dstSubfolderSpec = 16;
			files = (
				EA22480E1333F77F008E7B78 /* test.lua in CopyFiles */,
			);
			runOnlyForDeploymentPostprocessing = 0;
		};
/* End PBXCopyFilesBuildPhase section */

/* Begin PBXFileReference section */
		08FB7796FE84155DC02AAC07 /* main.cpp */ = {isa = PBXFileReference; fileEncoding = 4; lastKnownFileType = sourcecode.cpp.cpp; path = main.cpp; sourceTree = "<group>"; };
		8DD76F6C0486A84900D96B5E /* luabridgetest */ = {isa = PBXFileReference; explicitFileType = "compiled.mach-o.executable"; includeInIndex = 0; path = luabridgetest; sourceTree = BUILT_PRODUCTS_DIR; };
		EA22479C1333F6ED008E7B78 /* lapi.c */ = {isa = PBXFileReference; fileEncoding = 4; lastKnownFileType = sourcecode.c.c; name = lapi.c; path = ../../thirdparty/lua/lua_5_1_4/source/src/lapi.c; sourceTree = SOURCE_ROOT; };
		EA22479D1333F6ED008E7B78 /* lauxlib.c */ = {isa = PBXFileReference; fileEncoding = 4; lastKnownFileType = sourcecode.c.c; name = lauxlib.c; path = ../../thirdparty/lua/lua_5_1_4/source/src/lauxlib.c; sourceTree = SOURCE_ROOT; };
		EA22479E1333F6ED008E7B78 /* lbaselib.c */ = {isa = PBXFileReference; fileEncoding = 4; lastKnownFileType = sourcecode.c.c; name = lbaselib.c; path = ../../thirdparty/lua/lua_5_1_4/source/src/lbaselib.c; sourceTree = SOURCE_ROOT; };
		EA22479F1333F6ED008E7B78 /* lcode.c */ = {isa = PBXFileReference; fileEncoding = 4; lastKnownFileType = sourcecode.c.c; name = lcode.c; path = ../../thirdparty/lua/lua_5_1_4/source/src/lcode.c; sourceTree = SOURCE_ROOT; };
		EA2247A01333F6ED008E7B78 /* ldblib.c */ = {isa = PBXFileReference; fileEncoding = 4; lastKnownFileType = sourcecode.c.c; name = ldblib.c; path = ../../thirdparty/lua/lua_5_1_4/source/src/ldblib.c; sourceTree = SOURCE_ROOT; };
		EA2247A11333F6ED008E7B78 /* ldebug.c */ = {isa = PBXFileReference; fileEncoding = 4; lastKnownFileType = sourcecode.c.c; name = ldebug.c; path = ../../thirdparty/lua/lua_5_1_4/source/src/ldebug.c; sourceTree = SOURCE_ROOT; };
		EA2247A21333F6ED008E7B78 /* ldo.c */ = {isa = PBXFileReference; fileEncoding = 4; lastKnownFileType = sourcecode.c.c; name = ldo.c; path = ../../thirdparty/lua/lua_5_1_4/source/src/ldo.c; sourceTree = SOURCE_ROOT; };
		EA2247A31333F6ED008E7B78 /* ldump.c */ = {isa = PBXFileReference; fileEncoding = 4; lastKnownFileType = sourcecode.c.c; name = ldump.c; path = ../../thirdparty/lua/lua_5_1_4/source/src/ldump.c; sourceTree = SOURCE_ROOT; };
		EA2247A41333F6ED008E7B78 /* lfunc.c */ = {isa = PBXFileReference; fileEncoding = 4; lastKnownFileType = sourcecode.c.c; name = lfunc.c; path = ../../thirdparty/lua/lua_5_1_4/source/src/lfunc.c; sourceTree = SOURCE_ROOT; };
		EA2247A51333F6ED008E7B78 /* lgc.c */ = {isa = PBXFileReference; fileEncoding = 4; lastKnownFileType = sourcecode.c.c; name = lgc.c; path = ../../thirdparty/lua/lua_5_1_4/source/src/lgc.c; sourceTree = SOURCE_ROOT; };
		EA2247A61333F6ED008E7B78 /* linit.c */ = {isa = PBXFileReference; fileEncoding = 4; lastKnownFileType = sourcecode.c.c; name = linit.c; path = ../../thirdparty/lua/lua_5_1_4/source/src/linit.c; sourceTree = SOURCE_ROOT; };
		EA2247A71333F6ED008E7B78 /* liolib.c */ = {isa = PBXFileReference; fileEncoding = 4; lastKnownFileType = sourcecode.c.c; name = liolib.c; path = ../../thirdparty/lua/lua_5_1_4/source/src/liolib.c; sourceTree = SOURCE_ROOT; };
		EA2247A81333F6ED008E7B78 /* llex.c */ = {isa = PBXFileReference; fileEncoding = 4; lastKnownFileType = sourcecode.c.c; name = llex.c; path = ../../thirdparty/lua/lua_5_1_4/source/src/llex.c; sourceTree = SOURCE_ROOT; };
		EA2247A91333F6ED008E7B78 /* lmathlib.c */ = {isa = PBXFileReference; fileEncoding = 4; lastKnownFileType = sourcecode.c.c; name = lmathlib.c; path = ../../thirdparty/lua/lua_5_1_4/source/src/lmathlib.c; sourceTree = SOURCE_ROOT; };
		EA2247AA1333F6ED008E7B78 /* lmem.c */ = {isa = PBXFileReference; fileEncoding = 4; lastKnownFileType = sourcecode.c.c; name = lmem.c; path = ../../thirdparty/lua/lua_5_1_4/source/src/lmem.c; sourceTree = SOURCE_ROOT; };
		EA2247AB1333F6ED008E7B78 /* loadlib.c */ = {isa = PBXFileReference; fileEncoding = 4; lastKnownFileType = sourcecode.c.c; name = loadlib.c; path = ../../thirdparty/lua/lua_5_1_4/source/src/loadlib.c; sourceTree = SOURCE_ROOT; };
		EA2247AC1333F6ED008E7B78 /* lobject.c */ = {isa = PBXFileReference; fileEncoding = 4; lastKnownFileType = sourcecode.c.c; name = lobject.c; path = ../../thirdparty/lua/lua_5_1_4/source/src/lobject.c; sourceTree = SOURCE_ROOT; };
		EA2247AD1333F6ED008E7B78 /* lopcodes.c */ = {isa = PBXFileReference; fileEncoding = 4; lastKnownFileType = sourcecode.c.c; name = lopcodes.c; path = ../../thirdparty/lua/lua_5_1_4/source/src/lopcodes.c; sourceTree = SOURCE_ROOT; };
		EA2247AE1333F6ED008E7B78 /* loslib.c */ = {isa = PBXFileReference; fileEncoding = 4; lastKnownFileType = sourcecode.c.c; name = loslib.c; path = ../../thirdparty/lua/lua_5_1_4/source/src/loslib.c; sourceTree = SOURCE_ROOT; };
		EA2247AF1333F6ED008E7B78 /* lparser.c */ = {isa = PBXFileReference; fileEncoding = 4; lastKnownFileType = sourcecode.c.c; name = lparser.c; path = ../../thirdparty/lua/lua_5_1_4/source/src/lparser.c; sourceTree = SOURCE_ROOT; };
		EA2247B01333F6ED008E7B78 /* lstate.c */ = {isa = PBXFileReference; fileEncoding = 4; lastKnownFileType = sourcecode.c.c; name = lstate.c; path = ../../thirdparty/lua/lua_5_1_4/source/src/lstate.c; sourceTree = SOURCE_ROOT; };
		EA2247B11333F6ED008E7B78 /* lstring.c */ = {isa = PBXFileReference; fileEncoding = 4; lastKnownFileType = sourcecode.c.c; name = lstring.c; path = ../../thirdparty/lua/lua_5_1_4/source/src/lstring.c; sourceTree = SOURCE_ROOT; };
		EA2247B21333F6ED008E7B78 /* lstrlib.c */ = {isa = PBXFileReference; fileEncoding = 4; lastKnownFileType = sourcecode.c.c; name = lstrlib.c; path = ../../thirdparty/lua/lua_5_1_4/source/src/lstrlib.c; sourceTree = SOURCE_ROOT; };
		EA2247B31333F6ED008E7B78 /* ltable.c */ = {isa = PBXFileReference; fileEncoding = 4; lastKnownFileType = sourcecode.c.c; name = ltable.c; path = ../../thirdparty/lua/lua_5_1_4/source/src/ltable.c; sourceTree = SOURCE_ROOT; };
		EA2247B41333F6ED008E7B78 /* ltablib.c */ = {isa = PBXFileReference; fileEncoding = 4; lastKnownFileType = sourcecode.c.c; name = ltablib.c; path = ../../thirdparty/lua/lua_5_1_4/source/src/ltablib.c; sourceTree = SOURCE_ROOT; };
		EA2247B51333F6ED008E7B78 /* ltm.c */ = {isa = PBXFileReference; fileEncoding = 4; lastKnownFileType = sourcecode.c.c; name = ltm.c; path = ../../thirdparty/lua/lua_5_1_4/source/src/ltm.c; sourceTree = SOURCE_ROOT; };
		EA2247B81333F6ED008E7B78 /* lundump.c */ = {isa = PBXFileReference; fileEncoding = 4; lastKnownFileType = sourcecode.c.c; name = lundump.c; path = ../../thirdparty/lua/lua_5_1_4/source/src/lundump.c; sourceTree = SOURCE_ROOT; };
		EA2247B91333F6ED008E7B78 /* lvm.c */ = {isa = PBXFileReference; fileEncoding = 4; lastKnownFileType = sourcecode.c.c; name = lvm.c; path = ../../thirdparty/lua/lua_5_1_4/source/src/lvm.c; sourceTree = SOURCE_ROOT; };
		EA2247BA1333F6ED008E7B78 /* lzio.c */ = {isa = PBXFileReference; fileEncoding = 4; lastKnownFileType = sourcecode.c.c; name = lzio.c; path = ../../thirdparty/lua/lua_5_1_4/source/src/lzio.c; sourceTree = SOURCE_ROOT; };
		EA2247DA1333F700008E7B78 /* lapi.h */ = {isa = PBXFileReference; fileEncoding = 4; lastKnownFileType = sourcecode.c.h; name = lapi.h; path = ../../thirdparty/lua/lua_5_1_4/include/lapi.h; sourceTree = SOURCE_ROOT; };
		EA2247DB1333F700008E7B78 /* lauxlib.h */ = {isa = PBXFileReference; fileEncoding = 4; lastKnownFileType = sourcecode.c.h; name = lauxlib.h; path = ../../thirdparty/lua/lua_5_1_4/include/lauxlib.h; sourceTree = SOURCE_ROOT; };
		EA2247DC1333F700008E7B78 /* lcode.h */ = {isa = PBXFileReference; fileEncoding = 4; lastKnownFileType = sourcecode.c.h; name = lcode.h; path = ../../thirdparty/lua/lua_5_1_4/include/lcode.h; sourceTree = SOURCE_ROOT; };
		EA2247DD1333F700008E7B78 /* ldebug.h */ = {isa = PBXFileReference; fileEncoding = 4; lastKnownFileType = sourcecode.c.h; name = ldebug.h; path = ../../thirdparty/lua/lua_5_1_4/include/ldebug.h; sourceTree = SOURCE_ROOT; };
		EA2247DE1333F700008E7B78 /* ldo.h */ = {isa = PBXFileReference; fileEncoding = 4; lastKnownFileType = sourcecode.c.h; name = ldo.h; path = ../../thirdparty/lua/lua_5_1_4/include/ldo.h; sourceTree = SOURCE_ROOT; };
		EA2247DF1333F700008E7B78 /* lfunc.h */ = {isa = PBXFileReference; fileEncoding = 4; lastKnownFileType = sourcecode.c.h; name = lfunc.h; path = ../../thirdparty/lua/lua_5_1_4/include/lfunc.h; sourceTree = SOURCE_ROOT; };
		EA2247E01333F700008E7B78 /* lgc.h */ = {isa = PBXFileReference; fileEncoding = 4; lastKnownFileType = sourcecode.c.h; name = lgc.h; path = ../../thirdparty/lua/lua_5_1_4/include/lgc.h; sourceTree = SOURCE_ROOT; };
		EA2247E11333F700008E7B78 /* llex.h */ = {isa = PBXFileReference; fileEncoding = 4; lastKnownFileType = sourcecode.c.h; name = llex.h; path = ../../thirdparty/lua/lua_5_1_4/include/llex.h; sourceTree = SOURCE_ROOT; };
		EA2247E21333F700008E7B78 /* llimits.h */ = {isa = PBXFileReference; fileEncoding = 4; lastKnownFileType = sourcecode.c.h; name = llimits.h; path = ../../thirdparty/lua/lua_5_1_4/include/llimits.h; sourceTree = SOURCE_ROOT; };
		EA2247E31333F700008E7B78 /* lmem.h */ = {isa = PBXFileReference; fileEncoding = 4; lastKnownFileType = sourcecode.c.h; name = lmem.h; path = ../../thirdparty/lua/lua_5_1_4/include/lmem.h; sourceTree = SOURCE_ROOT; };
		EA2247E41333F700008E7B78 /* lobject.h */ = {isa = PBXFileReference; fileEncoding = 4; lastKnownFileType = sourcecode.c.h; name = lobject.h; path = ../../thirdparty/lua/lua_5_1_4/include/lobject.h; sourceTree = SOURCE_ROOT; };
		EA2247E51333F700008E7B78 /* lopcodes.h */ = {isa = PBXFileReference; fileEncoding = 4; lastKnownFileType = sourcecode.c.h; name = lopcodes.h; path = ../../thirdparty/lua/lua_5_1_4/include/lopcodes.h; sourceTree = SOURCE_ROOT; };
		EA2247E61333F700008E7B78 /* lparser.h */ = {isa = PBXFileReference; fileEncoding = 4; lastKnownFileType = sourcecode.c.h; name = lparser.h; path = ../../thirdparty/lua/lua_5_1_4/include/lparser.h; sourceTree = SOURCE_ROOT; };
		EA2247E71333F700008E7B78 /* lstate.h */ = {isa = PBXFileReference; fileEncoding = 4; lastKnownFileType = sourcecode.c.h; name = lstate.h; path = ../../thirdparty/lua/lua_5_1_4/include/lstate.h; sourceTree = SOURCE_ROOT; };
		EA2247E81333F700008E7B78 /* lstring.h */ = {isa = PBXFileReference; fileEncoding = 4; lastKnownFileType = sourcecode.c.h; name = lstring.h; path = ../../thirdparty/lua/lua_5_1_4/include/lstring.h; sourceTree = SOURCE_ROOT; };
		EA2247E91333F700008E7B78 /* ltable.h */ = {isa = PBXFileReference; fileEncoding = 4; lastKnownFileType = sourcecode.c.h; name = ltable.h; path = ../../thirdparty/lua/lua_5_1_4/include/ltable.h; sourceTree = SOURCE_ROOT; };
		EA2247EA1333F700008E7B78 /* ltm.h */ = {isa = PBXFileReference; fileEncoding = 4; lastKnownFileType = sourcecode.c.h; name = ltm.h; path = ../../thirdparty/lua/lua_5_1_4/include/ltm.h; sourceTree = SOURCE_ROOT; };
		EA2247EB1333F700008E7B78 /* lua.h */ = {isa = PBXFileReference; fileEncoding = 4; lastKnownFileType = sourcecode.c.h; name = lua.h; path = ../../thirdparty/lua/lua_5_1_4/include/lua.h; sourceTree = SOURCE_ROOT; };
		EA2247EC1333F700008E7B78 /* luaconf.h */ = {isa = PBXFileReference; fileEncoding = 4; lastKnownFileType = sourcecode.c.h; name = luaconf.h; path = ../../thirdparty/lua/lua_5_1_4/include/luaconf.h; sourceTree = SOURCE_ROOT; };
		EA2247ED1333F700008E7B78 /* lualib.h */ = {isa = PBXFileReference; fileEncoding = 4; lastKnownFileType = sourcecode.c.h; name = lualib.h; path = ../../thirdparty/lua/lua_5_1_4/include/lualib.h; sourceTree = SOURCE_ROOT; };
		EA2247EE1333F700008E7B78 /* lundump.h */ = {isa = PBXFileReference; fileEncoding = 4; lastKnownFileType = sourcecode.c.h; name = lundump.h; path = ../../thirdparty/lua/lua_5_1_4/include/lundump.h; sourceTree = SOURCE_ROOT; };
		EA2247EF1333F700008E7B78 /* lvm.h */ = {isa = PBXFileReference; fileEncoding = 4; lastKnownFileType = sourcecode.c.h; name = lvm.h; path = ../../thirdparty/lua/lua_5_1_4/include/lvm.h; sourceTree = SOURCE_ROOT; };
		EA2247F01333F700008E7B78 /* lzio.h */ = {isa = PBXFileReference; fileEncoding = 4; lastKnownFileType = sourcecode.c.h; name = lzio.h; path = ../../thirdparty/lua/lua_5_1_4/include/lzio.h; sourceTree = SOURCE_ROOT; };
		EA2247F61333F72D008E7B78 /* test.lua */ = {isa = PBXFileReference; fileEncoding = 4; lastKnownFileType = text; name = test.lua; path = "luabridge-0.2/src/test.lua"; sourceTree = "<group>"; };
		EA2247F71333F735008E7B78 /* class.hpp */ = {isa = PBXFileReference; fileEncoding = 4; lastKnownFileType = sourcecode.cpp.h; name = class.hpp; path = "luabridge-0.2/include/impl/class.hpp"; sourceTree = "<group>"; };
		EA2247F81333F735008E7B78 /* module.hpp */ = {isa = PBXFileReference; fileEncoding = 4; lastKnownFileType = sourcecode.cpp.h; name = module.hpp; path = "luabridge-0.2/include/impl/module.hpp"; sourceTree = "<group>"; };
		EA2247F91333F735008E7B78 /* shared_ptr.hpp */ = {isa = PBXFileReference; fileEncoding = 4; lastKnownFileType = sourcecode.cpp.h; name = shared_ptr.hpp; path = "luabridge-0.2/include/impl/shared_ptr.hpp"; sourceTree = "<group>"; };
		EA2247FA1333F735008E7B78 /* stack.hpp */ = {isa = PBXFileReference; fileEncoding = 4; lastKnownFileType = sourcecode.cpp.h; name = stack.hpp; path = "luabridge-0.2/include/impl/stack.hpp"; sourceTree = "<group>"; };
		EA2247FB1333F735008E7B78 /* typelist.hpp */ = {isa = PBXFileReference; fileEncoding = 4; lastKnownFileType = sourcecode.cpp.h; name = typelist.hpp; path = "luabridge-0.2/include/impl/typelist.hpp"; sourceTree = "<group>"; };
		EA2247FC1333F735008E7B78 /* luabridge.hpp */ = {isa = PBXFileReference; fileEncoding = 4; lastKnownFileType = sourcecode.cpp.h; name = luabridge.hpp; path = "luabridge-0.2/include/luabridge.hpp"; sourceTree = "<group>"; };
		EA2247FD1333F735008E7B78 /* shared_ptr.hpp */ = {isa = PBXFileReference; fileEncoding = 4; lastKnownFileType = sourcecode.cpp.h; name = shared_ptr.hpp; path = "luabridge-0.2/include/shared_ptr.hpp"; sourceTree = "<group>"; };
		EA2247FE1333F73D008E7B78 /* luabridge.cpp */ = {isa = PBXFileReference; fileEncoding = 4; lastKnownFileType = sourcecode.cpp.cpp; name = luabridge.cpp; path = "luabridge-0.2/src/luabridge.cpp"; sourceTree = "<group>"; };
		EA2247FF1333F73D008E7B78 /* shared_ptr.cpp */ = {isa = PBXFileReference; fileEncoding = 4; lastKnownFileType = sourcecode.cpp.cpp; name = shared_ptr.cpp; path = "luabridge-0.2/src/shared_ptr.cpp"; sourceTree = "<group>"; };
/* End PBXFileReference section */

/* Begin PBXFrameworksBuildPhase section */
		8DD76F660486A84900D96B5E /* Frameworks */ = {
			isa = PBXFrameworksBuildPhase;
			buildActionMask = 2147483647;
			files = (
			);
			runOnlyForDeploymentPostprocessing = 0;
		};
/* End PBXFrameworksBuildPhase section */

/* Begin PBXGroup section */
		08FB7794FE84155DC02AAC07 /* luabridgetest */ = {
			isa = PBXGroup;
			children = (
				08FB7796FE84155DC02AAC07 /* main.cpp */,
				EA2247F61333F72D008E7B78 /* test.lua */,
				EA2246D51333F108008E7B78 /* luabridge */,
				EA2246D61333F10F008E7B78 /* lua */,
				1AB674ADFE9D54B511CA2CBB /* Products */,
			);
			name = luabridgetest;
			sourceTree = "<group>";
		};
		1AB674ADFE9D54B511CA2CBB /* Products */ = {
			isa = PBXGroup;
			children = (
				8DD76F6C0486A84900D96B5E /* luabridgetest */,
			);
			name = Products;
			sourceTree = "<group>";
		};
		EA2246D51333F108008E7B78 /* luabridge */ = {
			isa = PBXGroup;
			children = (
				EA2247F71333F735008E7B78 /* class.hpp */,
				EA2247F81333F735008E7B78 /* module.hpp */,
				EA2247F91333F735008E7B78 /* shared_ptr.hpp */,
				EA2247FA1333F735008E7B78 /* stack.hpp */,
				EA2247FB1333F735008E7B78 /* typelist.hpp */,
				EA2247FC1333F735008E7B78 /* luabridge.hpp */,
				EA2247FD1333F735008E7B78 /* shared_ptr.hpp */,
				EA2247FE1333F73D008E7B78 /* luabridge.cpp */,
				EA2247FF1333F73D008E7B78 /* shared_ptr.cpp */,
			);
			name = luabridge;
			sourceTree = "<group>";
		};
		EA2246D61333F10F008E7B78 /* lua */ = {
			isa = PBXGroup;
			children = (
				EA2247DA1333F700008E7B78 /* lapi.h */,
				EA2247DB1333F700008E7B78 /* lauxlib.h */,
				EA2247DC1333F700008E7B78 /* lcode.h */,
				EA2247DD1333F700008E7B78 /* ldebug.h */,
				EA2247DE1333F700008E7B78 /* ldo.h */,
				EA2247DF1333F700008E7B78 /* lfunc.h */,
				EA2247E01333F700008E7B78 /* lgc.h */,
				EA2247E11333F700008E7B78 /* llex.h */,
				EA2247E21333F700008E7B78 /* llimits.h */,
				EA2247E31333F700008E7B78 /* lmem.h */,
				EA2247E41333F700008E7B78 /* lobject.h */,
				EA2247E51333F700008E7B78 /* lopcodes.h */,
				EA2247E61333F700008E7B78 /* lparser.h */,
				EA2247E71333F700008E7B78 /* lstate.h */,
				EA2247E81333F700008E7B78 /* lstring.h */,
				EA2247E91333F700008E7B78 /* ltable.h */,
				EA2247EA1333F700008E7B78 /* ltm.h */,
				EA2247EB1333F700008E7B78 /* lua.h */,
				EA2247EC1333F700008E7B78 /* luaconf.h */,
				EA2247ED1333F700008E7B78 /* lualib.h */,
				EA2247EE1333F700008E7B78 /* lundump.h */,
				EA2247EF1333F700008E7B78 /* lvm.h */,
				EA2247F01333F700008E7B78 /* lzio.h */,
				EA22479C1333F6ED008E7B78 /* lapi.c */,
				EA22479D1333F6ED008E7B78 /* lauxlib.c */,
				EA22479E1333F6ED008E7B78 /* lbaselib.c */,
				EA22479F1333F6ED008E7B78 /* lcode.c */,
				EA2247A01333F6ED008E7B78 /* ldblib.c */,
				EA2247A11333F6ED008E7B78 /* ldebug.c */,
				EA2247A21333F6ED008E7B78 /* ldo.c */,
				EA2247A31333F6ED008E7B78 /* ldump.c */,
				EA2247A41333F6ED008E7B78 /* lfunc.c */,
				EA2247A51333F6ED008E7B78 /* lgc.c */,
				EA2247A61333F6ED008E7B78 /* linit.c */,
				EA2247A71333F6ED008E7B78 /* liolib.c */,
				EA2247A81333F6ED008E7B78 /* llex.c */,
				EA2247A91333F6ED008E7B78 /* lmathlib.c */,
				EA2247AA1333F6ED008E7B78 /* lmem.c */,
				EA2247AB1333F6ED008E7B78 /* loadlib.c */,
				EA2247AC1333F6ED008E7B78 /* lobject.c */,
				EA2247AD1333F6ED008E7B78 /* lopcodes.c */,
				EA2247AE1333F6ED008E7B78 /* loslib.c */,
				EA2247AF1333F6ED008E7B78 /* lparser.c */,
				EA2247B01333F6ED008E7B78 /* lstate.c */,
				EA2247B11333F6ED008E7B78 /* lstring.c */,
				EA2247B21333F6ED008E7B78 /* lstrlib.c */,
				EA2247B31333F6ED008E7B78 /* ltable.c */,
				EA2247B41333F6ED008E7B78 /* ltablib.c */,
				EA2247B51333F6ED008E7B78 /* ltm.c */,
				EA2247B81333F6ED008E7B78 /* lundump.c */,
				EA2247B91333F6ED008E7B78 /* lvm.c */,
				EA2247BA1333F6ED008E7B78 /* lzio.c */,
			);
			name = lua;
			sourceTree = "<group>";
		};
/* End PBXGroup section */

/* Begin PBXNativeTarget section */
		8DD76F620486A84900D96B5E /* luabridgetest */ = {
			isa = PBXNativeTarget;
			buildConfigurationList = 1DEB923108733DC60010E9CD /* Build configuration list for PBXNativeTarget "luabridgetest" */;
			buildPhases = (
				8DD76F640486A84900D96B5E /* Sources */,
				8DD76F660486A84900D96B5E /* Frameworks */,
				8DD76F690486A84900D96B5E /* CopyFiles */,
			);
			buildRules = (
			);
			dependencies = (
			);
			name = luabridgetest;
			productInstallPath = "$(HOME)/bin";
			productName = luabridgetest;
			productReference = 8DD76F6C0486A84900D96B5E /* luabridgetest */;
			productType = "com.apple.product-type.tool";
		};
/* End PBXNativeTarget section */

/* Begin PBXProject section */
		08FB7793FE84155DC02AAC07 /* Project object */ = {
			isa = PBXProject;
			buildConfigurationList = 1DEB923508733DC60010E9CD /* Build configuration list for PBXProject "luabridgetest" */;
			compatibilityVersion = "Xcode 3.1";
			developmentRegion = English;
			hasScannedForEncodings = 1;
			knownRegions = (
				English,
				Japanese,
				French,
				German,
			);
			mainGroup = 08FB7794FE84155DC02AAC07 /* luabridgetest */;
			projectDirPath = "";
			projectRoot = "";
			targets = (
				8DD76F620486A84900D96B5E /* luabridgetest */,
			);
		};
/* End PBXProject section */

/* Begin PBXSourcesBuildPhase section */
		8DD76F640486A84900D96B5E /* Sources */ = {
			isa = PBXSourcesBuildPhase;
			buildActionMask = 2147483647;
			files = (
				8DD76F650486A84900D96B5E /* main.cpp in Sources */,
				EA2247BB1333F6ED008E7B78 /* lapi.c in Sources */,
				EA2247BC1333F6ED008E7B78 /* lauxlib.c in Sources */,
				EA2247BD1333F6ED008E7B78 /* lbaselib.c in Sources */,
				EA2247BE1333F6ED008E7B78 /* lcode.c in Sources */,
				EA2247BF1333F6ED008E7B78 /* ldblib.c in Sources */,
				EA2247C01333F6ED008E7B78 /* ldebug.c in Sources */,
				EA2247C11333F6ED008E7B78 /* ldo.c in Sources */,
				EA2247C21333F6ED008E7B78 /* ldump.c in Sources */,
				EA2247C31333F6ED008E7B78 /* lfunc.c in Sources */,
				EA2247C41333F6ED008E7B78 /* lgc.c in Sources */,
				EA2247C51333F6ED008E7B78 /* linit.c in Sources */,
				EA2247C61333F6ED008E7B78 /* liolib.c in Sources */,
				EA2247C71333F6ED008E7B78 /* llex.c in Sources */,
				EA2247C81333F6ED008E7B78 /* lmathlib.c in Sources */,
				EA2247C91333F6ED008E7B78 /* lmem.c in Sources */,
				EA2247CA1333F6ED008E7B78 /* loadlib.c in Sources */,
				EA2247CB1333F6ED008E7B78 /* lobject.c in Sources */,
				EA2247CC1333F6ED008E7B78 /* lopcodes.c in Sources */,
				EA2247CD1333F6ED008E7B78 /* loslib.c in Sources */,
				EA2247CE1333F6ED008E7B78 /* lparser.c in Sources */,
				EA2247CF1333F6ED008E7B78 /* lstate.c in Sources */,
				EA2247D01333F6ED008E7B78 /* lstring.c in Sources */,
				EA2247D11333F6ED008E7B78 /* lstrlib.c in Sources */,
				EA2247D21333F6ED008E7B78 /* ltable.c in Sources */,
				EA2247D31333F6ED008E7B78 /* ltablib.c in Sources */,
				EA2247D41333F6ED008E7B78 /* ltm.c in Sources */,
				EA2247D71333F6ED008E7B78 /* lundump.c in Sources */,
				EA2247D81333F6ED008E7B78 /* lvm.c in Sources */,
				EA2247D91333F6ED008E7B78 /* lzio.c in Sources */,
				EA2248001333F73D008E7B78 /* luabridge.cpp in Sources */,
				EA2248011333F73D008E7B78 /* shared_ptr.cpp in Sources */,
			);
			runOnlyForDeploymentPostprocessing = 0;
		};
/* End PBXSourcesBuildPhase section */

/* Begin XCBuildConfiguration section */
		1DEB923208733DC60010E9CD /* Debug */ = {
			isa = XCBuildConfiguration;
			buildSettings = {
				ALWAYS_SEARCH_USER_PATHS = NO;
				COPY_PHASE_STRIP = NO;
				GCC_DYNAMIC_NO_PIC = NO;
				GCC_ENABLE_FIX_AND_CONTINUE = YES;
				GCC_MODEL_TUNING = G5;
				GCC_OPTIMIZATION_LEVEL = 0;
				HEADER_SEARCH_PATHS = "\"$(SRCROOT)/../../thirdparty/lua/lua_5_1_4/source/etc\"";
				INSTALL_PATH = /usr/local/bin;
				PRODUCT_NAME = luabridgetest;
			};
			name = Debug;
		};
		1DEB923308733DC60010E9CD /* Release */ = {
			isa = XCBuildConfiguration;
			buildSettings = {
				ALWAYS_SEARCH_USER_PATHS = NO;
				DEBUG_INFORMATION_FORMAT = "dwarf-with-dsym";
				GCC_MODEL_TUNING = G5;
				HEADER_SEARCH_PATHS = "\"$(SRCROOT)/../../thirdparty/lua/lua_5_1_4/source/etc\"";
				INSTALL_PATH = /usr/local/bin;
				PRODUCT_NAME = luabridgetest;
			};
			name = Release;
		};
		1DEB923608733DC60010E9CD /* Debug */ = {
			isa = XCBuildConfiguration;
			buildSettings = {
				ARCHS = "$(ARCHS_STANDARD_32_64_BIT)";
				GCC_C_LANGUAGE_STANDARD = gnu99;
				GCC_OPTIMIZATION_LEVEL = 0;
				GCC_WARN_ABOUT_RETURN_TYPE = YES;
				GCC_WARN_UNUSED_VARIABLE = YES;
				ONLY_ACTIVE_ARCH = YES;
				PREBINDING = NO;
				SDKROOT = macosx10.6;
			};
			name = Debug;
		};
		1DEB923708733DC60010E9CD /* Release */ = {
			isa = XCBuildConfiguration;
			buildSettings = {
				ARCHS = "$(ARCHS_STANDARD_32_64_BIT)";
				GCC_C_LANGUAGE_STANDARD = gnu99;
				GCC_WARN_ABOUT_RETURN_TYPE = YES;
				GCC_WARN_UNUSED_VARIABLE = YES;
				PREBINDING = NO;
				SDKROOT = macosx10.6;
			};
			name = Release;
		};
/* End XCBuildConfiguration section */

/* Begin XCConfigurationList section */
		1DEB923108733DC60010E9CD /* Build configuration list for PBXNativeTarget "luabridgetest" */ = {
			isa = XCConfigurationList;
			buildConfigurations = (
				1DEB923208733DC60010E9CD /* Debug */,
				1DEB923308733DC60010E9CD /* Release */,
			);
			defaultConfigurationIsVisible = 0;
			defaultConfigurationName = Release;
		};
		1DEB923508733DC60010E9CD /* Build configuration list for PBXProject "luabridgetest" */ = {
			isa = XCConfigurationList;
			buildConfigurations = (
				1DEB923608733DC60010E9CD /* Debug */,
				1DEB923708733DC60010E9CD /* Release */,
			);
			defaultConfigurationIsVisible = 0;
			defaultConfigurationName = Release;
		};
/* End XCConfigurationList section */
	};
	rootObject = 08FB7793FE84155DC02AAC07 /* Project object */;
}
