// !$*UTF8*$!
{
	archiveVersion = 1;
	classes = {
	};
	objectVersion = 45;
	objects = {

/* Begin PBXBuildFile section */
		8DD76F650486A84900D96B5E /* main.cpp in Sources */ = {isa = PBXBuildFile; fileRef = 08FB7796FE84155DC02AAC07 /* main.cpp */; settings = {ATTRIBUTES = (); }; };
		EAE8B7A813AFAE8300E1DD01 /* tinythread.cpp in Sources */ = {isa = PBXBuildFile; fileRef = EAE8B7A713AFAE8300E1DD01 /* tinythread.cpp */; };
		EAF6E3C513AB7BA900213D84 /* Connection.cpp in Sources */ = {isa = PBXBuildFile; fileRef = EAF6E3C213AB7BA900213D84 /* Connection.cpp */; };
		EAF6E3C613AB7BA900213D84 /* EventDispatcher.cpp in Sources */ = {isa = PBXBuildFile; fileRef = EAF6E3C313AB7BA900213D84 /* EventDispatcher.cpp */; };
		EAF6E3C713AB7BA900213D84 /* Signal.cpp in Sources */ = {isa = PBXBuildFile; fileRef = EAF6E3C413AB7BA900213D84 /* Signal.cpp */; };
		EAF6E40213AB821E00213D84 /* Pool.cpp in Sources */ = {isa = PBXBuildFile; fileRef = EAF6E40113AB821E00213D84 /* Pool.cpp */; };
		EAF6E42C13AB97F700213D84 /* once.cpp in Sources */ = {isa = PBXBuildFile; fileRef = EAF6E42B13AB97F700213D84 /* once.cpp */; };
/* End PBXBuildFile section */

/* Begin PBXCopyFilesBuildPhase section */
		8DD76F690486A84900D96B5E /* CopyFiles */ = {
			isa = PBXCopyFilesBuildPhase;
			buildActionMask = 8;
			dstPath = /usr/share/man/man1/;
			dstSubfolderSpec = 0;
			files = (
			);
			runOnlyForDeploymentPostprocessing = 1;
		};
/* End PBXCopyFilesBuildPhase section */

/* Begin PBXFileReference section */
		08FB7796FE84155DC02AAC07 /* main.cpp */ = {isa = PBXFileReference; fileEncoding = 4; lastKnownFileType = sourcecode.cpp.cpp; path = main.cpp; sourceTree = "<group>"; };
		8DD76F6C0486A84900D96B5E /* EventPool */ = {isa = PBXFileReference; explicitFileType = "compiled.mach-o.executable"; includeInIndex = 0; path = EventPool; sourceTree = BUILT_PRODUCTS_DIR; };
		EAE8B7A713AFAE8300E1DD01 /* tinythread.cpp */ = {isa = PBXFileReference; fileEncoding = 4; lastKnownFileType = sourcecode.cpp.cpp; name = tinythread.cpp; path = ../../thirdparty/tinythread/1_0/source/tinythread.cpp; sourceTree = SOURCE_ROOT; };
		EAF6E3C213AB7BA900213D84 /* Connection.cpp */ = {isa = PBXFileReference; fileEncoding = 4; lastKnownFileType = sourcecode.cpp.cpp; name = Connection.cpp; path = lost/event/Connection.cpp; sourceTree = "<group>"; };
		EAF6E3C313AB7BA900213D84 /* EventDispatcher.cpp */ = {isa = PBXFileReference; fileEncoding = 4; lastKnownFileType = sourcecode.cpp.cpp; name = EventDispatcher.cpp; path = lost/event/EventDispatcher.cpp; sourceTree = "<group>"; };
		EAF6E3C413AB7BA900213D84 /* Signal.cpp */ = {isa = PBXFileReference; fileEncoding = 4; lastKnownFileType = sourcecode.cpp.cpp; name = Signal.cpp; path = lost/event/Signal.cpp; sourceTree = "<group>"; };
		EAF6E40113AB821E00213D84 /* Pool.cpp */ = {isa = PBXFileReference; fileEncoding = 4; lastKnownFileType = sourcecode.cpp.cpp; name = Pool.cpp; path = lost/event/Pool.cpp; sourceTree = "<group>"; };
		EAF6E42B13AB97F700213D84 /* once.cpp */ = {isa = PBXFileReference; fileEncoding = 4; lastKnownFileType = sourcecode.cpp.cpp; name = once.cpp; path = ../../thirdparty/boost/boost_1_46_1/libs/thread/src/pthread/once.cpp; sourceTree = SOURCE_ROOT; };
/* End PBXFileReference section */

/* Begin PBXFrameworksBuildPhase section */
		8DD76F660486A84900D96B5E /* Frameworks */ = {
			isa = PBXFrameworksBuildPhase;
			buildActionMask = 2147483647;
			files = (
			);
			runOnlyForDeploymentPostprocessing = 0;
		};
/* End PBXFrameworksBuildPhase section */

/* Begin PBXGroup section */
		08FB7794FE84155DC02AAC07 /* EventPool */ = {
			isa = PBXGroup;
			children = (
				EAF6E3B613AB7B9100213D84 /* lost */,
				08FB7796FE84155DC02AAC07 /* main.cpp */,
				EAF6E42B13AB97F700213D84 /* once.cpp */,
				EAE8B7A713AFAE8300E1DD01 /* tinythread.cpp */,
				1AB674ADFE9D54B511CA2CBB /* Products */,
			);
			name = EventPool;
			sourceTree = "<group>";
		};
		1AB674ADFE9D54B511CA2CBB /* Products */ = {
			isa = PBXGroup;
			children = (
				8DD76F6C0486A84900D96B5E /* EventPool */,
			);
			name = Products;
			sourceTree = "<group>";
		};
		EAF6E3B613AB7B9100213D84 /* lost */ = {
			isa = PBXGroup;
			children = (
				EAF6E3B813AB7B9C00213D84 /* application */,
				EAF6E3B713AB7B9700213D84 /* event */,
			);
			name = lost;
			sourceTree = "<group>";
		};
		EAF6E3B713AB7B9700213D84 /* event */ = {
			isa = PBXGroup;
			children = (
				EAF6E3C213AB7BA900213D84 /* Connection.cpp */,
				EAF6E3C313AB7BA900213D84 /* EventDispatcher.cpp */,
				EAF6E3C413AB7BA900213D84 /* Signal.cpp */,
				EAF6E40113AB821E00213D84 /* Pool.cpp */,
			);
			name = event;
			sourceTree = "<group>";
		};
		EAF6E3B813AB7B9C00213D84 /* application */ = {
			isa = PBXGroup;
			children = (
			);
			name = application;
			sourceTree = "<group>";
		};
/* End PBXGroup section */

/* Begin PBXNativeTarget section */
		8DD76F620486A84900D96B5E /* EventPool */ = {
			isa = PBXNativeTarget;
			buildConfigurationList = 1DEB923108733DC60010E9CD /* Build configuration list for PBXNativeTarget "EventPool" */;
			buildPhases = (
				8DD76F640486A84900D96B5E /* Sources */,
				8DD76F660486A84900D96B5E /* Frameworks */,
				8DD76F690486A84900D96B5E /* CopyFiles */,
			);
			buildRules = (
			);
			dependencies = (
			);
			name = EventPool;
			productInstallPath = "$(HOME)/bin";
			productName = EventPool;
			productReference = 8DD76F6C0486A84900D96B5E /* EventPool */;
			productType = "com.apple.product-type.tool";
		};
/* End PBXNativeTarget section */

/* Begin PBXProject section */
		08FB7793FE84155DC02AAC07 /* Project object */ = {
			isa = PBXProject;
			buildConfigurationList = 1DEB923508733DC60010E9CD /* Build configuration list for PBXProject "EventPool" */;
			compatibilityVersion = "Xcode 3.1";
			developmentRegion = English;
			hasScannedForEncodings = 1;
			knownRegions = (
				English,
				Japanese,
				French,
				German,
			);
			mainGroup = 08FB7794FE84155DC02AAC07 /* EventPool */;
			projectDirPath = "";
			projectRoot = "";
			targets = (
				8DD76F620486A84900D96B5E /* EventPool */,
			);
		};
/* End PBXProject section */

/* Begin PBXSourcesBuildPhase section */
		8DD76F640486A84900D96B5E /* Sources */ = {
			isa = PBXSourcesBuildPhase;
			buildActionMask = 2147483647;
			files = (
				8DD76F650486A84900D96B5E /* main.cpp in Sources */,
				EAF6E3C513AB7BA900213D84 /* Connection.cpp in Sources */,
				EAF6E3C613AB7BA900213D84 /* EventDispatcher.cpp in Sources */,
				EAF6E3C713AB7BA900213D84 /* Signal.cpp in Sources */,
				EAF6E40213AB821E00213D84 /* Pool.cpp in Sources */,
				EAF6E42C13AB97F700213D84 /* once.cpp in Sources */,
				EAE8B7A813AFAE8300E1DD01 /* tinythread.cpp in Sources */,
			);
			runOnlyForDeploymentPostprocessing = 0;
		};
/* End PBXSourcesBuildPhase section */

/* Begin XCBuildConfiguration section */
		1DEB923208733DC60010E9CD /* Debug */ = {
			isa = XCBuildConfiguration;
			buildSettings = {
				ALWAYS_SEARCH_USER_PATHS = NO;
				COPY_PHASE_STRIP = NO;
				GCC_DYNAMIC_NO_PIC = NO;
				GCC_ENABLE_FIX_AND_CONTINUE = YES;
				GCC_MODEL_TUNING = G5;
				GCC_OPTIMIZATION_LEVEL = 0;
				GCC_PRECOMPILE_PREFIX_HEADER = YES;
				GCC_PREFIX_HEADER = prefix.pch;
				HEADER_SEARCH_PATHS = (
					"\"$(SRCROOT)/\"",
					"\"$(SRCROOT)/../../thirdparty/tinythread/1_0/source\"",
					"\"$(SRCROOT)/../../thirdparty/boost/boost_1_46_1\"",
				);
				INSTALL_PATH = /usr/local/bin;
				PRODUCT_NAME = EventPool;
			};
			name = Debug;
		};
		1DEB923308733DC60010E9CD /* Release */ = {
			isa = XCBuildConfiguration;
			buildSettings = {
				ALWAYS_SEARCH_USER_PATHS = NO;
				DEBUG_INFORMATION_FORMAT = "dwarf-with-dsym";
				GCC_MODEL_TUNING = G5;
				INSTALL_PATH = /usr/local/bin;
				PRODUCT_NAME = EventPool;
			};
			name = Release;
		};
		1DEB923608733DC60010E9CD /* Debug */ = {
			isa = XCBuildConfiguration;
			buildSettings = {
				ARCHS = "$(ARCHS_STANDARD_32_64_BIT)";
				GCC_C_LANGUAGE_STANDARD = gnu99;
				GCC_OPTIMIZATION_LEVEL = 0;
				GCC_WARN_ABOUT_RETURN_TYPE = YES;
				GCC_WARN_UNUSED_VARIABLE = YES;
				ONLY_ACTIVE_ARCH = YES;
				PREBINDING = NO;
				SDKROOT = macosx10.6;
			};
			name = Debug;
		};
		1DEB923708733DC60010E9CD /* Release */ = {
			isa = XCBuildConfiguration;
			buildSettings = {
				ARCHS = "$(ARCHS_STANDARD_32_64_BIT)";
				GCC_C_LANGUAGE_STANDARD = gnu99;
				GCC_WARN_ABOUT_RETURN_TYPE = YES;
				GCC_WARN_UNUSED_VARIABLE = YES;
				PREBINDING = NO;
				SDKROOT = macosx10.6;
			};
			name = Release;
		};
/* End XCBuildConfiguration section */

/* Begin XCConfigurationList section */
		1DEB923108733DC60010E9CD /* Build configuration list for PBXNativeTarget "EventPool" */ = {
			isa = XCConfigurationList;
			buildConfigurations = (
				1DEB923208733DC60010E9CD /* Debug */,
				1DEB923308733DC60010E9CD /* Release */,
			);
			defaultConfigurationIsVisible = 0;
			defaultConfigurationName = Release;
		};
		1DEB923508733DC60010E9CD /* Build configuration list for PBXProject "EventPool" */ = {
			isa = XCConfigurationList;
			buildConfigurations = (
				1DEB923608733DC60010E9CD /* Debug */,
				1DEB923708733DC60010E9CD /* Release */,
			);
			defaultConfigurationIsVisible = 0;
			defaultConfigurationName = Release;
		};
/* End XCConfigurationList section */
	};
	rootObject = 08FB7793FE84155DC02AAC07 /* Project object */;
}
