// !$*UTF8*$!
{
	archiveVersion = 1;
	classes = {
	};
	objectVersion = 45;
	objects = {

/* Begin PBXBuildFile section */
		1D60589F0D05DD5A006BFB54 /* Foundation.framework in Frameworks */ = {isa = PBXBuildFile; fileRef = 1D30AB110D05D00D00671497 /* Foundation.framework */; };
		1DF5F4E00D08C38300B7A737 /* UIKit.framework in Frameworks */ = {isa = PBXBuildFile; fileRef = 1DF5F4DF0D08C38300B7A737 /* UIKit.framework */; };
		28FD15000DC6FC520079059D /* OpenGLES.framework in Frameworks */ = {isa = PBXBuildFile; fileRef = 28FD14FF0DC6FC520079059D /* OpenGLES.framework */; };
		28FD15080DC6FC5B0079059D /* QuartzCore.framework in Frameworks */ = {isa = PBXBuildFile; fileRef = 28FD15070DC6FC5B0079059D /* QuartzCore.framework */; };
		3E398C4C0E5080A800D40DDE /* kenny_tri.mtl in Resources */ = {isa = PBXBuildFile; fileRef = 3E398C4A0E5080A800D40DDE /* kenny_tri.mtl */; };
		3E398C4D0E5080A800D40DDE /* kenny_tri.obj in Resources */ = {isa = PBXBuildFile; fileRef = 3E398C4B0E5080A800D40DDE /* kenny_tri.obj */; };
		EA0E04770E4E1AEB001556D6 /* stubs.jpg in Resources */ = {isa = PBXBuildFile; fileRef = EA0E04760E4E1AEB001556D6 /* stubs.jpg */; };
		EA6712F00E3E94A900B961EC /* main.cpp in Sources */ = {isa = PBXBuildFile; fileRef = EA6712EF0E3E94A900B961EC /* main.cpp */; };
		EAEAF7220E4A61B00003A334 /* libLostEngine-iPhone.a in Frameworks */ = {isa = PBXBuildFile; fileRef = EAEAF7210E4A61A50003A334 /* libLostEngine-iPhone.a */; };
		EAF706C60E4B81B000EF62CB /* init in Resources */ = {isa = PBXBuildFile; fileRef = EAF706C50E4B81B000EF62CB /* init */; };
/* End PBXBuildFile section */

/* Begin PBXContainerItemProxy section */
		EAEAF71E0E4A61A50003A334 /* PBXContainerItemProxy */ = {
			isa = PBXContainerItemProxy;
			containerPortal = EAEAF7190E4A61A50003A334 /* LostEngine.xcodeproj */;
			proxyType = 2;
			remoteGlobalIDString = D2AAC046055464E500DB518D;
			remoteInfo = LostEngine;
		};
		EAEAF7200E4A61A50003A334 /* PBXContainerItemProxy */ = {
			isa = PBXContainerItemProxy;
			containerPortal = EAEAF7190E4A61A50003A334 /* LostEngine.xcodeproj */;
			proxyType = 2;
			remoteGlobalIDString = EA6711250E3E885300B961EC;
			remoteInfo = "LostEngine-iPhone";
		};
		EAEAF7230E4A61BB0003A334 /* PBXContainerItemProxy */ = {
			isa = PBXContainerItemProxy;
			containerPortal = EAEAF7190E4A61A50003A334 /* LostEngine.xcodeproj */;
			proxyType = 1;
			remoteGlobalIDString = EA6711240E3E885300B961EC;
			remoteInfo = "LostEngine-iPhone";
		};
/* End PBXContainerItemProxy section */

/* Begin PBXFileReference section */
		1D30AB110D05D00D00671497 /* Foundation.framework */ = {isa = PBXFileReference; lastKnownFileType = wrapper.framework; name = Foundation.framework; path = System/Library/Frameworks/Foundation.framework; sourceTree = SDKROOT; };
		1D6058910D05DD3D006BFB54 /* LostEngineMinimalApp.app */ = {isa = PBXFileReference; explicitFileType = wrapper.application; includeInIndex = 0; path = LostEngineMinimalApp.app; sourceTree = BUILT_PRODUCTS_DIR; };
		1DF5F4DF0D08C38300B7A737 /* UIKit.framework */ = {isa = PBXFileReference; lastKnownFileType = wrapper.framework; name = UIKit.framework; path = System/Library/Frameworks/UIKit.framework; sourceTree = SDKROOT; };
		28FD14FF0DC6FC520079059D /* OpenGLES.framework */ = {isa = PBXFileReference; lastKnownFileType = wrapper.framework; name = OpenGLES.framework; path = System/Library/Frameworks/OpenGLES.framework; sourceTree = SDKROOT; };
		28FD15070DC6FC5B0079059D /* QuartzCore.framework */ = {isa = PBXFileReference; lastKnownFileType = wrapper.framework; name = QuartzCore.framework; path = System/Library/Frameworks/QuartzCore.framework; sourceTree = SDKROOT; };
		3E398C4A0E5080A800D40DDE /* kenny_tri.mtl */ = {isa = PBXFileReference; fileEncoding = 4; lastKnownFileType = text; name = kenny_tri.mtl; path = ../../data/obj/kenny_tri.mtl; sourceTree = SOURCE_ROOT; };
		3E398C4B0E5080A800D40DDE /* kenny_tri.obj */ = {isa = PBXFileReference; fileEncoding = 4; lastKnownFileType = text; name = kenny_tri.obj; path = ../../data/obj/kenny_tri.obj; sourceTree = SOURCE_ROOT; };
		8D1107310486CEB800E47090 /* Info.plist */ = {isa = PBXFileReference; fileEncoding = 4; lastKnownFileType = text.plist.xml; path = Info.plist; sourceTree = "<group>"; };
		EA0E04760E4E1AEB001556D6 /* stubs.jpg */ = {isa = PBXFileReference; lastKnownFileType = image.jpeg; path = stubs.jpg; sourceTree = "<group>"; };
		EA6712EF0E3E94A900B961EC /* main.cpp */ = {isa = PBXFileReference; fileEncoding = 4; lastKnownFileType = sourcecode.cpp.cpp; path = main.cpp; sourceTree = "<group>"; };
		EAEAF7190E4A61A50003A334 /* LostEngine.xcodeproj */ = {isa = PBXFileReference; lastKnownFileType = "wrapper.pb-project"; name = LostEngine.xcodeproj; path = ../../projects/lostengine/mac/LostEngine.xcodeproj; sourceTree = SOURCE_ROOT; };
		EAF706C50E4B81B000EF62CB /* init */ = {isa = PBXFileReference; fileEncoding = 4; lastKnownFileType = text; path = init; sourceTree = "<group>"; };
/* End PBXFileReference section */

/* Begin PBXFrameworksBuildPhase section */
		1D60588F0D05DD3D006BFB54 /* Frameworks */ = {
			isa = PBXFrameworksBuildPhase;
			buildActionMask = 2147483647;
			files = (
				EAEAF7220E4A61B00003A334 /* libLostEngine-iPhone.a in Frameworks */,
				1D60589F0D05DD5A006BFB54 /* Foundation.framework in Frameworks */,
				1DF5F4E00D08C38300B7A737 /* UIKit.framework in Frameworks */,
				28FD15000DC6FC520079059D /* OpenGLES.framework in Frameworks */,
				28FD15080DC6FC5B0079059D /* QuartzCore.framework in Frameworks */,
			);
			runOnlyForDeploymentPostprocessing = 0;
		};
/* End PBXFrameworksBuildPhase section */

/* Begin PBXGroup section */
		19C28FACFE9D520D11CA2CBB /* Products */ = {
			isa = PBXGroup;
			children = (
				1D6058910D05DD3D006BFB54 /* LostEngineMinimalApp.app */,
			);
			name = Products;
			sourceTree = "<group>";
		};
		29B97314FDCFA39411CA2CEA /* CustomTemplate */ = {
			isa = PBXGroup;
			children = (
				3EC866A90E53269F00981B59 /* Scripts */,
				3EC866A80E53269900981B59 /* Sources */,
				29B97317FDCFA39411CA2CEA /* Resources */,
				29B97323FDCFA39411CA2CEA /* Frameworks */,
				19C28FACFE9D520D11CA2CBB /* Products */,
			);
			name = CustomTemplate;
			sourceTree = "<group>";
		};
		29B97317FDCFA39411CA2CEA /* Resources */ = {
			isa = PBXGroup;
			children = (
				EA0E04760E4E1AEB001556D6 /* stubs.jpg */,
				8D1107310486CEB800E47090 /* Info.plist */,
				3E398C4A0E5080A800D40DDE /* kenny_tri.mtl */,
				3E398C4B0E5080A800D40DDE /* kenny_tri.obj */,
			);
			name = Resources;
			sourceTree = "<group>";
		};
		29B97323FDCFA39411CA2CEA /* Frameworks */ = {
			isa = PBXGroup;
			children = (
				EAEAF7190E4A61A50003A334 /* LostEngine.xcodeproj */,
				28FD15070DC6FC5B0079059D /* QuartzCore.framework */,
				28FD14FF0DC6FC520079059D /* OpenGLES.framework */,
				1DF5F4DF0D08C38300B7A737 /* UIKit.framework */,
				1D30AB110D05D00D00671497 /* Foundation.framework */,
			);
			name = Frameworks;
			sourceTree = "<group>";
		};
		3EC866A80E53269900981B59 /* Sources */ = {
			isa = PBXGroup;
			children = (
				EA6712EF0E3E94A900B961EC /* main.cpp */,
			);
			name = Sources;
			sourceTree = "<group>";
		};
		3EC866A90E53269F00981B59 /* Scripts */ = {
			isa = PBXGroup;
			children = (
				EAF706C50E4B81B000EF62CB /* init */,
			);
			name = Scripts;
			sourceTree = "<group>";
		};
		EAEAF71A0E4A61A50003A334 /* Products */ = {
			isa = PBXGroup;
			children = (
				EAEAF71F0E4A61A50003A334 /* libLostEngine.a */,
				EAEAF7210E4A61A50003A334 /* libLostEngine-iPhone.a */,
			);
			name = Products;
			sourceTree = "<group>";
		};
/* End PBXGroup section */

/* Begin PBXNativeTarget section */
		1D6058900D05DD3D006BFB54 /* LostEngineMinimalApp */ = {
			isa = PBXNativeTarget;
			buildConfigurationList = 1D6058960D05DD3E006BFB54 /* Build configuration list for PBXNativeTarget "LostEngineMinimalApp" */;
			buildPhases = (
				1D60588D0D05DD3D006BFB54 /* Resources */,
				1D60588E0D05DD3D006BFB54 /* Sources */,
				1D60588F0D05DD3D006BFB54 /* Frameworks */,
			);
			buildRules = (
			);
			dependencies = (
				EAEAF7240E4A61BB0003A334 /* PBXTargetDependency */,
			);
			name = LostEngineMinimalApp;
			productName = LostEngineMinimalApp;
			productReference = 1D6058910D05DD3D006BFB54 /* LostEngineMinimalApp.app */;
			productType = "com.apple.product-type.application";
		};
/* End PBXNativeTarget section */

/* Begin PBXProject section */
		29B97313FDCFA39411CA2CEA /* Project object */ = {
			isa = PBXProject;
			buildConfigurationList = C01FCF4E08A954540054247B /* Build configuration list for PBXProject "LostEngineMinimalApp" */;
			compatibilityVersion = "Xcode 3.1";
			hasScannedForEncodings = 1;
			mainGroup = 29B97314FDCFA39411CA2CEA /* CustomTemplate */;
			projectDirPath = "";
			projectReferences = (
				{
					ProductGroup = EAEAF71A0E4A61A50003A334 /* Products */;
					ProjectRef = EAEAF7190E4A61A50003A334 /* LostEngine.xcodeproj */;
				},
			);
			projectRoot = "";
			targets = (
				1D6058900D05DD3D006BFB54 /* LostEngineMinimalApp */,
			);
		};
/* End PBXProject section */

/* Begin PBXReferenceProxy section */
		EAEAF71F0E4A61A50003A334 /* libLostEngine.a */ = {
			isa = PBXReferenceProxy;
			fileType = archive.ar;
			path = libLostEngine.a;
			remoteRef = EAEAF71E0E4A61A50003A334 /* PBXContainerItemProxy */;
			sourceTree = BUILT_PRODUCTS_DIR;
		};
		EAEAF7210E4A61A50003A334 /* libLostEngine-iPhone.a */ = {
			isa = PBXReferenceProxy;
			fileType = archive.ar;
			path = "libLostEngine-iPhone.a";
			remoteRef = EAEAF7200E4A61A50003A334 /* PBXContainerItemProxy */;
			sourceTree = BUILT_PRODUCTS_DIR;
		};
/* End PBXReferenceProxy section */

/* Begin PBXResourcesBuildPhase section */
		1D60588D0D05DD3D006BFB54 /* Resources */ = {
			isa = PBXResourcesBuildPhase;
			buildActionMask = 2147483647;
			files = (
				EAF706C60E4B81B000EF62CB /* init in Resources */,
				EA0E04770E4E1AEB001556D6 /* stubs.jpg in Resources */,
				3E398C4C0E5080A800D40DDE /* kenny_tri.mtl in Resources */,
				3E398C4D0E5080A800D40DDE /* kenny_tri.obj in Resources */,
			);
			runOnlyForDeploymentPostprocessing = 0;
		};
/* End PBXResourcesBuildPhase section */

/* Begin PBXSourcesBuildPhase section */
		1D60588E0D05DD3D006BFB54 /* Sources */ = {
			isa = PBXSourcesBuildPhase;
			buildActionMask = 2147483647;
			files = (
				EA6712F00E3E94A900B961EC /* main.cpp in Sources */,
			);
			runOnlyForDeploymentPostprocessing = 0;
		};
/* End PBXSourcesBuildPhase section */

/* Begin PBXTargetDependency section */
		EAEAF7240E4A61BB0003A334 /* PBXTargetDependency */ = {
			isa = PBXTargetDependency;
			name = "LostEngine-iPhone";
			targetProxy = EAEAF7230E4A61BB0003A334 /* PBXContainerItemProxy */;
		};
/* End PBXTargetDependency section */

/* Begin XCBuildConfiguration section */
		1D6058940D05DD3E006BFB54 /* Debug */ = {
			isa = XCBuildConfiguration;
			buildSettings = {
				ALWAYS_SEARCH_USER_PATHS = YES;
				COPY_PHASE_STRIP = NO;
				GCC_DYNAMIC_NO_PIC = NO;
				GCC_OPTIMIZATION_LEVEL = 0;
				GCC_PRECOMPILE_PREFIX_HEADER = NO;
				GCC_PREFIX_HEADER = "";
				GCC_PREPROCESSOR_DEFINITIONS = LUABIND_NO_ERROR_CHECKING;
				HEADER_SEARCH_PATHS = "";
				INFOPLIST_FILE = Info.plist;
				LUABIND_NO_ERROR_CHECKING = 1;
				PRODUCT_NAME = LostEngineMinimalApp;
			};
			name = Debug;
		};
		1D6058950D05DD3E006BFB54 /* Release */ = {
			isa = XCBuildConfiguration;
			buildSettings = {
				ALWAYS_SEARCH_USER_PATHS = NO;
				COPY_PHASE_STRIP = YES;
				GCC_PRECOMPILE_PREFIX_HEADER = YES;
				GCC_PREFIX_HEADER = LostEngineMinimalApp_Prefix.pch;
				GCC_PREPROCESSOR_DEFINITIONS = LOST_IPHONE;
				HEADER_SEARCH_PATHS = (
					"\"$(SRCROOT)/../../development/lostgenius/lua-test-branch/projects/lostengine\"",
					"\"$(SRCROOT)/../../development/lostgenius/lua-test-branch/thirdparty/boost/boost_1_34_1/include\"",
					"\"$(SRCROOT)/../../development/lostgenius/lua-test-branch/thirdparty/freetype2/freetype_2_3_7/include\"",
					"\"$(SRCROOT)/../../development/lostgenius/lua-test-branch/thirdparty/lua/lua_5_1_3/include\"",
					"\"$(SRCROOT)/../../development/lostgenius/lua-test-branch/thirdparty/luabind/luabind_0_7/original\"",
					"\"$(SRCROOT)/../../development/lostgenius/lua-test-branch/thirdparty/stb/stb_image_1_14\"",
					"\"$(SRCROOT)/../../development/lostgenius/lua-test-branch/thirdparty/zlib/zlib_1_2_3/include\"",
				);
				INFOPLIST_FILE = Info.plist;
				PRODUCT_NAME = LostEngineMinimalApp;
			};
			name = Release;
		};
		C01FCF4F08A954540054247B /* Debug */ = {
			isa = XCBuildConfiguration;
			buildSettings = {
				ARCHS = "$(ARCHS_STANDARD_32_BIT)";
				"CODE_SIGN_IDENTITY[sdk=iphoneos*]" = "iPhone Developer";
				GCC_C_LANGUAGE_STANDARD = c99;
				GCC_WARN_ABOUT_RETURN_TYPE = YES;
				GCC_WARN_UNUSED_VARIABLE = YES;
				HEADER_SEARCH_PATHS = "";
				ONLY_ACTIVE_ARCH = YES;
				PREBINDING = NO;
				SDKROOT = iphoneos2.0;
				USER_HEADER_SEARCH_PATHS = "\"$(SRCROOT)/../../projects/lostengine\" \"$(SRCROOT)/../../thirdparty/boost/boost_1_34_1/include\" \"$(SRCROOT)/../../thirdparty/lua/lua_5_1_3/include\" \"$(SRCROOT)/../../thirdparty/luabind/luabind_0_7/original\" \"$(SRCROOT)/../../thirdparty/stb/stb_image_1_14\"";
			};
			name = Debug;
		};
		C01FCF5008A954540054247B /* Release */ = {
			isa = XCBuildConfiguration;
			buildSettings = {
				ARCHS = "$(ARCHS_STANDARD_32_BIT)";
				"CODE_SIGN_IDENTITY[sdk=iphoneos*]" = "iPhone Developer";
				GCC_C_LANGUAGE_STANDARD = c99;
				GCC_WARN_ABOUT_RETURN_TYPE = YES;
				GCC_WARN_UNUSED_VARIABLE = YES;
				PREBINDING = NO;
				SDKROOT = iphoneos2.0;
			};
			name = Release;
		};
/* End XCBuildConfiguration section */

/* Begin XCConfigurationList section */
		1D6058960D05DD3E006BFB54 /* Build configuration list for PBXNativeTarget "LostEngineMinimalApp" */ = {
			isa = XCConfigurationList;
			buildConfigurations = (
				1D6058940D05DD3E006BFB54 /* Debug */,
				1D6058950D05DD3E006BFB54 /* Release */,
			);
			defaultConfigurationIsVisible = 0;
			defaultConfigurationName = Release;
		};
		C01FCF4E08A954540054247B /* Build configuration list for PBXProject "LostEngineMinimalApp" */ = {
			isa = XCConfigurationList;
			buildConfigurations = (
				C01FCF4F08A954540054247B /* Debug */,
				C01FCF5008A954540054247B /* Release */,
			);
			defaultConfigurationIsVisible = 0;
			defaultConfigurationName = Release;
		};
/* End XCConfigurationList section */
	};
	rootObject = 29B97313FDCFA39411CA2CEA /* Project object */;
}
