// !$*UTF8*$!
{
	archiveVersion = 1;
	classes = {
	};
	objectVersion = 45;
	objects = {

/* Begin PBXBuildFile section */
		EA24DAEB0E2A5AEF007AFAB0 /* LuaLostEventEvent.cpp in Sources */ = {isa = PBXBuildFile; fileRef = EA24DAEA0E2A5AEF007AFAB0 /* LuaLostEventEvent.cpp */; };
		EA24DB0A0E2A5DF3007AFAB0 /* LuaLostEventEventDispatcher.cpp in Sources */ = {isa = PBXBuildFile; fileRef = EA24DB090E2A5DF3007AFAB0 /* LuaLostEventEventDispatcher.cpp */; };
		EA24DB170E2A5E66007AFAB0 /* LuaLostApplicationApplication.cpp in Sources */ = {isa = PBXBuildFile; fileRef = EA24DB160E2A5E66007AFAB0 /* LuaLostApplicationApplication.cpp */; };
		EA24DC570E2AC261007AFAB0 /* LuaLostApplicationResizeEvent.cpp in Sources */ = {isa = PBXBuildFile; fileRef = EA24DC520E2AC261007AFAB0 /* LuaLostApplicationResizeEvent.cpp */; };
		EA24DC580E2AC261007AFAB0 /* LuaLostApplicationKeyEvent.cpp in Sources */ = {isa = PBXBuildFile; fileRef = EA24DC530E2AC261007AFAB0 /* LuaLostApplicationKeyEvent.cpp */; };
		EA24DC590E2AC261007AFAB0 /* LuaLostApplicationTimerEvent.cpp in Sources */ = {isa = PBXBuildFile; fileRef = EA24DC540E2AC261007AFAB0 /* LuaLostApplicationTimerEvent.cpp */; };
		EA24DC5A0E2AC261007AFAB0 /* LuaLostApplicationMouseEvent.cpp in Sources */ = {isa = PBXBuildFile; fileRef = EA24DC550E2AC261007AFAB0 /* LuaLostApplicationMouseEvent.cpp */; };
		EA24DC5B0E2AC261007AFAB0 /* LuaLostApplicationApplicationEvent.cpp in Sources */ = {isa = PBXBuildFile; fileRef = EA24DC560E2AC261007AFAB0 /* LuaLostApplicationApplicationEvent.cpp */; };
		EA3B94430E04626D00B6423B /* libluabind.a in Frameworks */ = {isa = PBXBuildFile; fileRef = EA3B943D0E04624400B6423B /* libluabind.a */; };
		EA3B94440E04627100B6423B /* liblua.a in Frameworks */ = {isa = PBXBuildFile; fileRef = EA3B942E0E04622200B6423B /* liblua.a */; };
		EA3B944A0E0462B200B6423B /* GLee.c in Sources */ = {isa = PBXBuildFile; fileRef = EA3B94490E0462B200B6423B /* GLee.c */; };
		EA3B944D0E0462CE00B6423B /* libglfw.a in Frameworks */ = {isa = PBXBuildFile; fileRef = EA3B944C0E0462CE00B6423B /* libglfw.a */; };
		EA3B94500E0462E200B6423B /* stb_image.c in Sources */ = {isa = PBXBuildFile; fileRef = EA3B944F0E0462E200B6423B /* stb_image.c */; };
		EA3B952D0E04639D00B6423B /* Application.cpp in Sources */ = {isa = PBXBuildFile; fileRef = EA3B94650E04639D00B6423B /* Application.cpp */; };
		EA3B952E0E04639D00B6423B /* Application.h in Headers */ = {isa = PBXBuildFile; fileRef = EA3B94660E04639D00B6423B /* Application.h */; };
		EA3B952F0E04639D00B6423B /* Timer.cpp in Sources */ = {isa = PBXBuildFile; fileRef = EA3B94670E04639D00B6423B /* Timer.cpp */; };
		EA3B95300E04639D00B6423B /* Timer.h in Headers */ = {isa = PBXBuildFile; fileRef = EA3B94680E04639D00B6423B /* Timer.h */; };
		EA3B95310E04639D00B6423B /* Bitmap.h in Headers */ = {isa = PBXBuildFile; fileRef = EA3B946A0E04639D00B6423B /* Bitmap.h */; };
		EA3B95320E04639D00B6423B /* BitmapLoader.h in Headers */ = {isa = PBXBuildFile; fileRef = EA3B946B0E04639D00B6423B /* BitmapLoader.h */; };
		EA3B95330E04639D00B6423B /* Color.h in Headers */ = {isa = PBXBuildFile; fileRef = EA3B946D0E04639D00B6423B /* Color.h */; };
		EA3B95350E04639D00B6423B /* DisplayAttributes.h in Headers */ = {isa = PBXBuildFile; fileRef = EA3B946F0E04639D00B6423B /* DisplayAttributes.h */; };
		EA3B95370E04639D00B6423B /* FpsMeter.h in Headers */ = {isa = PBXBuildFile; fileRef = EA3B94710E04639D00B6423B /* FpsMeter.h */; };
		EA3B95380E04639D00B6423B /* Logger.cpp in Sources */ = {isa = PBXBuildFile; fileRef = EA3B94720E04639D00B6423B /* Logger.cpp */; };
		EA3B95390E04639D00B6423B /* Logger.h in Headers */ = {isa = PBXBuildFile; fileRef = EA3B94730E04639D00B6423B /* Logger.h */; };
		EA3B953A0E04639D00B6423B /* NullDeleter.h in Headers */ = {isa = PBXBuildFile; fileRef = EA3B94740E04639D00B6423B /* NullDeleter.h */; };
		EA3B953B0E04639D00B6423B /* Profiler.cpp in Sources */ = {isa = PBXBuildFile; fileRef = EA3B94750E04639D00B6423B /* Profiler.cpp */; };
		EA3B953C0E04639D00B6423B /* Profiler.h in Headers */ = {isa = PBXBuildFile; fileRef = EA3B94760E04639D00B6423B /* Profiler.h */; };
		EA3B953D0E04639D00B6423B /* ResourcePath.h in Headers */ = {isa = PBXBuildFile; fileRef = EA3B94770E04639D00B6423B /* ResourcePath.h */; };
		EA3B953F0E04639D00B6423B /* SpiritHelpers.h in Headers */ = {isa = PBXBuildFile; fileRef = EA3B94790E04639D00B6423B /* SpiritHelpers.h */; };
		EA3B95500E04639D00B6423B /* Event.h in Headers */ = {isa = PBXBuildFile; fileRef = EA3B948F0E04639D00B6423B /* Event.h */; };
		EA3B95550E04639D00B6423B /* BitmapFont.h in Headers */ = {isa = PBXBuildFile; fileRef = EA3B94950E04639D00B6423B /* BitmapFont.h */; };
		EA3B95560E04639D00B6423B /* Font.h in Headers */ = {isa = PBXBuildFile; fileRef = EA3B94960E04639D00B6423B /* Font.h */; };
		EA3B95570E04639D00B6423B /* Face.h in Headers */ = {isa = PBXBuildFile; fileRef = EA3B94980E04639D00B6423B /* Face.h */; };
		EA3B95580E04639D00B6423B /* Glyph.h in Headers */ = {isa = PBXBuildFile; fileRef = EA3B94990E04639D00B6423B /* Glyph.h */; };
		EA3B95590E04639D00B6423B /* Library.h in Headers */ = {isa = PBXBuildFile; fileRef = EA3B949A0E04639D00B6423B /* Library.h */; };
		EA3B955A0E04639D00B6423B /* TrueTypeFont.h in Headers */ = {isa = PBXBuildFile; fileRef = EA3B949B0E04639D00B6423B /* TrueTypeFont.h */; };
		EA3B955B0E04639D00B6423B /* DisplayList.h in Headers */ = {isa = PBXBuildFile; fileRef = EA3B949D0E04639D00B6423B /* DisplayList.h */; };
		EA3B955C0E04639D00B6423B /* Draw.h in Headers */ = {isa = PBXBuildFile; fileRef = EA3B949E0E04639D00B6423B /* Draw.h */; };
		EA3B955D0E04639D00B6423B /* FragmentShader.h in Headers */ = {isa = PBXBuildFile; fileRef = EA3B949F0E04639D00B6423B /* FragmentShader.h */; };
		EA3B955E0E04639D00B6423B /* FrameBuffer.h in Headers */ = {isa = PBXBuildFile; fileRef = EA3B94A00E04639D00B6423B /* FrameBuffer.h */; };
		EA3B955F0E04639D00B6423B /* gl.h in Headers */ = {isa = PBXBuildFile; fileRef = EA3B94A10E04639D00B6423B /* gl.h */; };
		EA3B95600E04639D00B6423B /* PushAttrib.h in Headers */ = {isa = PBXBuildFile; fileRef = EA3B94A20E04639D00B6423B /* PushAttrib.h */; };
		EA3B95610E04639D00B6423B /* PushClientAttrib.h in Headers */ = {isa = PBXBuildFile; fileRef = EA3B94A30E04639D00B6423B /* PushClientAttrib.h */; };
		EA3B95620E04639D00B6423B /* RenderBuffer.h in Headers */ = {isa = PBXBuildFile; fileRef = EA3B94A40E04639D00B6423B /* RenderBuffer.h */; };
		EA3B95630E04639D00B6423B /* Scissor.h in Headers */ = {isa = PBXBuildFile; fileRef = EA3B94A50E04639D00B6423B /* Scissor.h */; };
		EA3B95640E04639D00B6423B /* Shader.h in Headers */ = {isa = PBXBuildFile; fileRef = EA3B94A60E04639D00B6423B /* Shader.h */; };
		EA3B95660E04639D00B6423B /* ShaderHelper.h in Headers */ = {isa = PBXBuildFile; fileRef = EA3B94A80E04639D00B6423B /* ShaderHelper.h */; };
		EA3B95680E04639D00B6423B /* ShaderProgram.h in Headers */ = {isa = PBXBuildFile; fileRef = EA3B94AA0E04639D00B6423B /* ShaderProgram.h */; };
		EA3B95690E04639D00B6423B /* Texture.h in Headers */ = {isa = PBXBuildFile; fileRef = EA3B94AB0E04639D00B6423B /* Texture.h */; };
		EA3B956A0E04639D00B6423B /* Utils.h in Headers */ = {isa = PBXBuildFile; fileRef = EA3B94AC0E04639D00B6423B /* Utils.h */; };
		EA3B956B0E04639D00B6423B /* VertexShader.h in Headers */ = {isa = PBXBuildFile; fileRef = EA3B94AD0E04639D00B6423B /* VertexShader.h */; };
		EA3B95980E04639D00B6423B /* LSystem.h in Headers */ = {isa = PBXBuildFile; fileRef = EA3B94E20E04639D00B6423B /* LSystem.h */; };
		EA3B95990E04639D00B6423B /* lua.h in Headers */ = {isa = PBXBuildFile; fileRef = EA3B94E40E04639D00B6423B /* lua.h */; };
		EA3B959A0E04639D00B6423B /* State.h in Headers */ = {isa = PBXBuildFile; fileRef = EA3B94E50E04639D00B6423B /* State.h */; };
		EA3B95AB0E04639D00B6423B /* Platform.cpp in Sources */ = {isa = PBXBuildFile; fileRef = EA3B94FB0E04639D00B6423B /* Platform.cpp */; };
		EA3B95AC0E04639D00B6423B /* Platform.h in Headers */ = {isa = PBXBuildFile; fileRef = EA3B94FC0E04639D00B6423B /* Platform.h */; };
		EA3B95AE0E04639D00B6423B /* Platform_Mac.cpp in Sources */ = {isa = PBXBuildFile; fileRef = EA3B94FE0E04639D00B6423B /* Platform_Mac.cpp */; };
		EA3B95B00E04639D00B6423B /* File.h in Headers */ = {isa = PBXBuildFile; fileRef = EA3B95010E04639D00B6423B /* File.h */; };
		EA3B95B10E04639D00B6423B /* Loader.h in Headers */ = {isa = PBXBuildFile; fileRef = EA3B95020E04639D00B6423B /* Loader.h */; };
		EA3B95B30E04639D00B6423B /* Repository.h in Headers */ = {isa = PBXBuildFile; fileRef = EA3B95040E04639D00B6423B /* Repository.h */; };
		EA3B967B0E046C5400B6423B /* Generator.h in Headers */ = {isa = PBXBuildFile; fileRef = EA3B96740E046C5400B6423B /* Generator.h */; };
		EA3B967D0E046C5400B6423B /* Matrix.h in Headers */ = {isa = PBXBuildFile; fileRef = EA3B96760E046C5400B6423B /* Matrix.h */; };
		EA3B967E0E046C5400B6423B /* Rect.h in Headers */ = {isa = PBXBuildFile; fileRef = EA3B96770E046C5400B6423B /* Rect.h */; };
		EA3B967F0E046C5400B6423B /* Vec2.h in Headers */ = {isa = PBXBuildFile; fileRef = EA3B96780E046C5400B6423B /* Vec2.h */; };
		EA3B96800E046C5400B6423B /* Vec3.h in Headers */ = {isa = PBXBuildFile; fileRef = EA3B96790E046C5400B6423B /* Vec3.h */; };
		EA3B96810E046C5400B6423B /* Vec4.h in Headers */ = {isa = PBXBuildFile; fileRef = EA3B967A0E046C5400B6423B /* Vec4.h */; };
		EA3B990B0E04903700B6423B /* lmath.h in Headers */ = {isa = PBXBuildFile; fileRef = EA3B990A0E04903700B6423B /* lmath.h */; };
		EA7116690E2942D000279E0B /* DefaultLoader.h in Headers */ = {isa = PBXBuildFile; fileRef = EA7116670E2942D000279E0B /* DefaultLoader.h */; };
		EA71166A0E2942D000279E0B /* ApplicationResourceRepository.h in Headers */ = {isa = PBXBuildFile; fileRef = EA7116680E2942D000279E0B /* ApplicationResourceRepository.h */; };
		EA7CF5440E2EAE90006E9E8A /* libzlib.a in Frameworks */ = {isa = PBXBuildFile; fileRef = EA7CF5430E2EAE70006E9E8A /* libzlib.a */; };
		EA7CF6350E2ED002006E9E8A /* libfreetype.a in Frameworks */ = {isa = PBXBuildFile; fileRef = EA7CF6340E2ECFF8006E9E8A /* libfreetype.a */; };
		EA7CF6A60E2ED7F0006E9E8A /* libboost.a in Frameworks */ = {isa = PBXBuildFile; fileRef = EA7CF6A50E2ED7E8006E9E8A /* libboost.a */; };
		EA9A35310E297E3B0090BAD0 /* LuaLostCommonLog.cpp in Sources */ = {isa = PBXBuildFile; fileRef = EA9A35300E297E3B0090BAD0 /* LuaLostCommonLog.cpp */; };
		EA9A35DF0E299C540090BAD0 /* LuaLostResourceLoader.cpp in Sources */ = {isa = PBXBuildFile; fileRef = EA9A35DD0E299C540090BAD0 /* LuaLostResourceLoader.cpp */; };
		EA9A35E00E299C540090BAD0 /* LuaLostResourceFile.cpp in Sources */ = {isa = PBXBuildFile; fileRef = EA9A35DE0E299C540090BAD0 /* LuaLostResourceFile.cpp */; };
		EA9A36540E29A61D0090BAD0 /* ModuleLoader.h in Headers */ = {isa = PBXBuildFile; fileRef = EA9A36520E29A61D0090BAD0 /* ModuleLoader.h */; };
		EA9A36550E29A61D0090BAD0 /* ModuleLoader.cpp in Sources */ = {isa = PBXBuildFile; fileRef = EA9A36530E29A61D0090BAD0 /* ModuleLoader.cpp */; };
		EAAA56350E285086002EB663 /* GlfwAdapter.h in Headers */ = {isa = PBXBuildFile; fileRef = EAAA56330E285086002EB663 /* GlfwAdapter.h */; };
		EAAA56360E285086002EB663 /* GlfwAdapter.cpp in Sources */ = {isa = PBXBuildFile; fileRef = EAAA56340E285086002EB663 /* GlfwAdapter.cpp */; };
		EAAA56740E2864A4002EB663 /* TimerManager.cpp in Sources */ = {isa = PBXBuildFile; fileRef = EAAA56720E2864A4002EB663 /* TimerManager.cpp */; };
		EAAA56750E2864A4002EB663 /* TimerManager.h in Headers */ = {isa = PBXBuildFile; fileRef = EAAA56730E2864A4002EB663 /* TimerManager.h */; };
		EAAA56950E286E4A002EB663 /* ApplicationEvent.h in Headers */ = {isa = PBXBuildFile; fileRef = EAAA56940E286E4A002EB663 /* ApplicationEvent.h */; };
		EAAF97670E15BD0900B28BF6 /* EventDispatcher.h in Headers */ = {isa = PBXBuildFile; fileRef = EAAF97660E15BD0900B28BF6 /* EventDispatcher.h */; };
		EAAF97810E15C30400B28BF6 /* MouseEvent.h in Headers */ = {isa = PBXBuildFile; fileRef = EAAF977D0E15C30400B28BF6 /* MouseEvent.h */; };
		EAAF97830E15C30400B28BF6 /* KeyEvent.h in Headers */ = {isa = PBXBuildFile; fileRef = EAAF977F0E15C30400B28BF6 /* KeyEvent.h */; };
		EAAF97F70E15CFD000B28BF6 /* ResizeEvent.h in Headers */ = {isa = PBXBuildFile; fileRef = EAAF97F50E15CFD000B28BF6 /* ResizeEvent.h */; };
		EAAF984A0E15DB9100B28BF6 /* TimerEvent.h in Headers */ = {isa = PBXBuildFile; fileRef = EAAF98480E15DB9100B28BF6 /* TimerEvent.h */; };
		EAC5C63E0E0B23E200B9DFAC /* LuaLostCommonDisplayAttributes.cpp in Sources */ = {isa = PBXBuildFile; fileRef = EAC5C63B0E0B23E200B9DFAC /* LuaLostCommonDisplayAttributes.cpp */; };
		EAC5C63F0E0B23E200B9DFAC /* LuaLostBitmapBitmapLoader.cpp in Sources */ = {isa = PBXBuildFile; fileRef = EAC5C63C0E0B23E200B9DFAC /* LuaLostBitmapBitmapLoader.cpp */; };
		EAC5C6400E0B23E200B9DFAC /* LuaLostBitmapBitmap.cpp in Sources */ = {isa = PBXBuildFile; fileRef = EAC5C63D0E0B23E200B9DFAC /* LuaLostBitmapBitmap.cpp */; };
		EAC5C6420E0B23EC00B9DFAC /* LuaBindings.h in Headers */ = {isa = PBXBuildFile; fileRef = EAC5C6410E0B23EC00B9DFAC /* LuaBindings.h */; };
/* End PBXBuildFile section */

/* Begin PBXContainerItemProxy section */
		EA3B942D0E04622200B6423B /* PBXContainerItemProxy */ = {
			isa = PBXContainerItemProxy;
			containerPortal = EA3B94260E04622200B6423B /* lua.xcodeproj */;
			proxyType = 2;
			remoteGlobalIDString = D2AAC046055464E500DB518D;
			remoteInfo = lua;
		};
		EA3B943C0E04624400B6423B /* PBXContainerItemProxy */ = {
			isa = PBXContainerItemProxy;
			containerPortal = EA3B94350E04624300B6423B /* luabind.xcodeproj */;
			proxyType = 2;
			remoteGlobalIDString = D2AAC046055464E500DB518D;
			remoteInfo = luabind;
		};
		EA3B943F0E04625B00B6423B /* PBXContainerItemProxy */ = {
			isa = PBXContainerItemProxy;
			containerPortal = EA3B94350E04624300B6423B /* luabind.xcodeproj */;
			proxyType = 1;
			remoteGlobalIDString = D2AAC045055464E500DB518D;
			remoteInfo = luabind;
		};
		EA3B94410E04626000B6423B /* PBXContainerItemProxy */ = {
			isa = PBXContainerItemProxy;
			containerPortal = EA3B94260E04622200B6423B /* lua.xcodeproj */;
			proxyType = 1;
			remoteGlobalIDString = D2AAC045055464E500DB518D;
			remoteInfo = lua;
		};
		EA7CF5420E2EAE70006E9E8A /* PBXContainerItemProxy */ = {
			isa = PBXContainerItemProxy;
			containerPortal = EA7CF53B0E2EAE70006E9E8A /* zlib.xcodeproj */;
			proxyType = 2;
			remoteGlobalIDString = D2AAC046055464E500DB518D;
			remoteInfo = zlib;
		};
		EA7CF5450E2EAE9E006E9E8A /* PBXContainerItemProxy */ = {
			isa = PBXContainerItemProxy;
			containerPortal = EA7CF53B0E2EAE70006E9E8A /* zlib.xcodeproj */;
			proxyType = 1;
			remoteGlobalIDString = D2AAC045055464E500DB518D;
			remoteInfo = zlib;
		};
		EA7CF6330E2ECFF8006E9E8A /* PBXContainerItemProxy */ = {
			isa = PBXContainerItemProxy;
			containerPortal = EA7CF62F0E2ECFF7006E9E8A /* freetype.xcodeproj */;
			proxyType = 2;
			remoteGlobalIDString = D2AAC046055464E500DB518D;
			remoteInfo = freetype;
		};
		EA7CF6360E2ED00A006E9E8A /* PBXContainerItemProxy */ = {
			isa = PBXContainerItemProxy;
			containerPortal = EA7CF62F0E2ECFF7006E9E8A /* freetype.xcodeproj */;
			proxyType = 1;
			remoteGlobalIDString = D2AAC045055464E500DB518D;
			remoteInfo = freetype;
		};
		EA7CF6A40E2ED7E8006E9E8A /* PBXContainerItemProxy */ = {
			isa = PBXContainerItemProxy;
			containerPortal = EA7CF6A00E2ED7E8006E9E8A /* boost.xcodeproj */;
			proxyType = 2;
			remoteGlobalIDString = D2AAC046055464E500DB518D;
			remoteInfo = boost;
		};
		EA7CF6A70E2ED80A006E9E8A /* PBXContainerItemProxy */ = {
			isa = PBXContainerItemProxy;
			containerPortal = EA7CF6A00E2ED7E8006E9E8A /* boost.xcodeproj */;
			proxyType = 1;
			remoteGlobalIDString = D2AAC045055464E500DB518D;
			remoteInfo = boost;
		};
/* End PBXContainerItemProxy section */

/* Begin PBXFileReference section */
		D2AAC046055464E500DB518D /* libLostEngine.a */ = {isa = PBXFileReference; explicitFileType = archive.ar; includeInIndex = 0; path = libLostEngine.a; sourceTree = BUILT_PRODUCTS_DIR; };
		EA24DAEA0E2A5AEF007AFAB0 /* LuaLostEventEvent.cpp */ = {isa = PBXFileReference; fileEncoding = 4; lastKnownFileType = sourcecode.cpp.cpp; path = LuaLostEventEvent.cpp; sourceTree = "<group>"; };
		EA24DB090E2A5DF3007AFAB0 /* LuaLostEventEventDispatcher.cpp */ = {isa = PBXFileReference; fileEncoding = 4; lastKnownFileType = sourcecode.cpp.cpp; path = LuaLostEventEventDispatcher.cpp; sourceTree = "<group>"; };
		EA24DB160E2A5E66007AFAB0 /* LuaLostApplicationApplication.cpp */ = {isa = PBXFileReference; fileEncoding = 4; lastKnownFileType = sourcecode.cpp.cpp; path = LuaLostApplicationApplication.cpp; sourceTree = "<group>"; };
		EA24DC520E2AC261007AFAB0 /* LuaLostApplicationResizeEvent.cpp */ = {isa = PBXFileReference; fileEncoding = 4; lastKnownFileType = sourcecode.cpp.cpp; path = LuaLostApplicationResizeEvent.cpp; sourceTree = "<group>"; };
		EA24DC530E2AC261007AFAB0 /* LuaLostApplicationKeyEvent.cpp */ = {isa = PBXFileReference; fileEncoding = 4; lastKnownFileType = sourcecode.cpp.cpp; path = LuaLostApplicationKeyEvent.cpp; sourceTree = "<group>"; };
		EA24DC540E2AC261007AFAB0 /* LuaLostApplicationTimerEvent.cpp */ = {isa = PBXFileReference; fileEncoding = 4; lastKnownFileType = sourcecode.cpp.cpp; path = LuaLostApplicationTimerEvent.cpp; sourceTree = "<group>"; };
		EA24DC550E2AC261007AFAB0 /* LuaLostApplicationMouseEvent.cpp */ = {isa = PBXFileReference; fileEncoding = 4; lastKnownFileType = sourcecode.cpp.cpp; path = LuaLostApplicationMouseEvent.cpp; sourceTree = "<group>"; };
		EA24DC560E2AC261007AFAB0 /* LuaLostApplicationApplicationEvent.cpp */ = {isa = PBXFileReference; fileEncoding = 4; lastKnownFileType = sourcecode.cpp.cpp; path = LuaLostApplicationApplicationEvent.cpp; sourceTree = "<group>"; };
		EA3B94260E04622200B6423B /* lua.xcodeproj */ = {isa = PBXFileReference; lastKnownFileType = "wrapper.pb-project"; name = lua.xcodeproj; path = ../../../thirdparty/lua/lua_5_1_3/mac/lua.xcodeproj; sourceTree = SOURCE_ROOT; };
		EA3B94350E04624300B6423B /* luabind.xcodeproj */ = {isa = PBXFileReference; lastKnownFileType = "wrapper.pb-project"; name = luabind.xcodeproj; path = ../../../thirdparty/luabind/luabind_0_7/mac/luabind.xcodeproj; sourceTree = SOURCE_ROOT; };
		EA3B94490E0462B200B6423B /* GLee.c */ = {isa = PBXFileReference; fileEncoding = 4; lastKnownFileType = sourcecode.c.c; name = GLee.c; path = ../../../thirdparty/glee/glee_5_21/src/GLee.c; sourceTree = SOURCE_ROOT; };
		EA3B944C0E0462CE00B6423B /* libglfw.a */ = {isa = PBXFileReference; lastKnownFileType = archive.ar; name = libglfw.a; path = ../../../thirdparty/glfw/glfw_2_6/lib/mac/libglfw.a; sourceTree = SOURCE_ROOT; };
		EA3B944F0E0462E200B6423B /* stb_image.c */ = {isa = PBXFileReference; fileEncoding = 4; lastKnownFileType = sourcecode.c.c; name = stb_image.c; path = ../../../thirdparty/stb/stb_image_1_14/stb_image.c; sourceTree = SOURCE_ROOT; };
		EA3B94650E04639D00B6423B /* Application.cpp */ = {isa = PBXFileReference; fileEncoding = 4; lastKnownFileType = sourcecode.cpp.cpp; path = Application.cpp; sourceTree = "<group>"; };
		EA3B94660E04639D00B6423B /* Application.h */ = {isa = PBXFileReference; fileEncoding = 4; lastKnownFileType = sourcecode.c.h; path = Application.h; sourceTree = "<group>"; };
		EA3B94670E04639D00B6423B /* Timer.cpp */ = {isa = PBXFileReference; fileEncoding = 4; lastKnownFileType = sourcecode.cpp.cpp; path = Timer.cpp; sourceTree = "<group>"; };
		EA3B94680E04639D00B6423B /* Timer.h */ = {isa = PBXFileReference; fileEncoding = 4; lastKnownFileType = sourcecode.c.h; path = Timer.h; sourceTree = "<group>"; };
		EA3B946A0E04639D00B6423B /* Bitmap.h */ = {isa = PBXFileReference; fileEncoding = 4; lastKnownFileType = sourcecode.c.h; path = Bitmap.h; sourceTree = "<group>"; };
		EA3B946B0E04639D00B6423B /* BitmapLoader.h */ = {isa = PBXFileReference; fileEncoding = 4; lastKnownFileType = sourcecode.c.h; path = BitmapLoader.h; sourceTree = "<group>"; };
		EA3B946D0E04639D00B6423B /* Color.h */ = {isa = PBXFileReference; fileEncoding = 4; lastKnownFileType = sourcecode.c.h; path = Color.h; sourceTree = "<group>"; };
		EA3B946F0E04639D00B6423B /* DisplayAttributes.h */ = {isa = PBXFileReference; fileEncoding = 4; lastKnownFileType = sourcecode.c.h; path = DisplayAttributes.h; sourceTree = "<group>"; };
		EA3B94710E04639D00B6423B /* FpsMeter.h */ = {isa = PBXFileReference; fileEncoding = 4; lastKnownFileType = sourcecode.c.h; path = FpsMeter.h; sourceTree = "<group>"; };
		EA3B94720E04639D00B6423B /* Logger.cpp */ = {isa = PBXFileReference; fileEncoding = 4; lastKnownFileType = sourcecode.cpp.cpp; path = Logger.cpp; sourceTree = "<group>"; };
		EA3B94730E04639D00B6423B /* Logger.h */ = {isa = PBXFileReference; fileEncoding = 4; lastKnownFileType = sourcecode.c.h; path = Logger.h; sourceTree = "<group>"; };
		EA3B94740E04639D00B6423B /* NullDeleter.h */ = {isa = PBXFileReference; fileEncoding = 4; lastKnownFileType = sourcecode.c.h; path = NullDeleter.h; sourceTree = "<group>"; };
		EA3B94750E04639D00B6423B /* Profiler.cpp */ = {isa = PBXFileReference; fileEncoding = 4; lastKnownFileType = sourcecode.cpp.cpp; path = Profiler.cpp; sourceTree = "<group>"; };
		EA3B94760E04639D00B6423B /* Profiler.h */ = {isa = PBXFileReference; fileEncoding = 4; lastKnownFileType = sourcecode.c.h; path = Profiler.h; sourceTree = "<group>"; };
		EA3B94770E04639D00B6423B /* ResourcePath.h */ = {isa = PBXFileReference; fileEncoding = 4; lastKnownFileType = sourcecode.c.h; path = ResourcePath.h; sourceTree = "<group>"; };
		EA3B94790E04639D00B6423B /* SpiritHelpers.h */ = {isa = PBXFileReference; fileEncoding = 4; lastKnownFileType = sourcecode.c.h; path = SpiritHelpers.h; sourceTree = "<group>"; };
		EA3B948F0E04639D00B6423B /* Event.h */ = {isa = PBXFileReference; fileEncoding = 4; lastKnownFileType = sourcecode.c.h; path = Event.h; sourceTree = "<group>"; };
		EA3B94950E04639D00B6423B /* BitmapFont.h */ = {isa = PBXFileReference; fileEncoding = 4; lastKnownFileType = sourcecode.c.h; path = BitmapFont.h; sourceTree = "<group>"; };
		EA3B94960E04639D00B6423B /* Font.h */ = {isa = PBXFileReference; fileEncoding = 4; lastKnownFileType = sourcecode.c.h; path = Font.h; sourceTree = "<group>"; };
		EA3B94980E04639D00B6423B /* Face.h */ = {isa = PBXFileReference; fileEncoding = 4; lastKnownFileType = sourcecode.c.h; path = Face.h; sourceTree = "<group>"; };
		EA3B94990E04639D00B6423B /* Glyph.h */ = {isa = PBXFileReference; fileEncoding = 4; lastKnownFileType = sourcecode.c.h; path = Glyph.h; sourceTree = "<group>"; };
		EA3B949A0E04639D00B6423B /* Library.h */ = {isa = PBXFileReference; fileEncoding = 4; lastKnownFileType = sourcecode.c.h; path = Library.h; sourceTree = "<group>"; };
		EA3B949B0E04639D00B6423B /* TrueTypeFont.h */ = {isa = PBXFileReference; fileEncoding = 4; lastKnownFileType = sourcecode.c.h; path = TrueTypeFont.h; sourceTree = "<group>"; };
		EA3B949D0E04639D00B6423B /* DisplayList.h */ = {isa = PBXFileReference; fileEncoding = 4; lastKnownFileType = sourcecode.c.h; path = DisplayList.h; sourceTree = "<group>"; };
		EA3B949E0E04639D00B6423B /* Draw.h */ = {isa = PBXFileReference; fileEncoding = 4; lastKnownFileType = sourcecode.c.h; path = Draw.h; sourceTree = "<group>"; };
		EA3B949F0E04639D00B6423B /* FragmentShader.h */ = {isa = PBXFileReference; fileEncoding = 4; lastKnownFileType = sourcecode.c.h; path = FragmentShader.h; sourceTree = "<group>"; };
		EA3B94A00E04639D00B6423B /* FrameBuffer.h */ = {isa = PBXFileReference; fileEncoding = 4; lastKnownFileType = sourcecode.c.h; path = FrameBuffer.h; sourceTree = "<group>"; };
		EA3B94A10E04639D00B6423B /* gl.h */ = {isa = PBXFileReference; fileEncoding = 4; lastKnownFileType = sourcecode.c.h; path = gl.h; sourceTree = "<group>"; };
		EA3B94A20E04639D00B6423B /* PushAttrib.h */ = {isa = PBXFileReference; fileEncoding = 4; lastKnownFileType = sourcecode.c.h; path = PushAttrib.h; sourceTree = "<group>"; };
		EA3B94A30E04639D00B6423B /* PushClientAttrib.h */ = {isa = PBXFileReference; fileEncoding = 4; lastKnownFileType = sourcecode.c.h; path = PushClientAttrib.h; sourceTree = "<group>"; };
		EA3B94A40E04639D00B6423B /* RenderBuffer.h */ = {isa = PBXFileReference; fileEncoding = 4; lastKnownFileType = sourcecode.c.h; path = RenderBuffer.h; sourceTree = "<group>"; };
		EA3B94A50E04639D00B6423B /* Scissor.h */ = {isa = PBXFileReference; fileEncoding = 4; lastKnownFileType = sourcecode.c.h; path = Scissor.h; sourceTree = "<group>"; };
		EA3B94A60E04639D00B6423B /* Shader.h */ = {isa = PBXFileReference; fileEncoding = 4; lastKnownFileType = sourcecode.c.h; path = Shader.h; sourceTree = "<group>"; };
		EA3B94A80E04639D00B6423B /* ShaderHelper.h */ = {isa = PBXFileReference; fileEncoding = 4; lastKnownFileType = sourcecode.c.h; path = ShaderHelper.h; sourceTree = "<group>"; };
		EA3B94AA0E04639D00B6423B /* ShaderProgram.h */ = {isa = PBXFileReference; fileEncoding = 4; lastKnownFileType = sourcecode.c.h; path = ShaderProgram.h; sourceTree = "<group>"; };
		EA3B94AB0E04639D00B6423B /* Texture.h */ = {isa = PBXFileReference; fileEncoding = 4; lastKnownFileType = sourcecode.c.h; path = Texture.h; sourceTree = "<group>"; };
		EA3B94AC0E04639D00B6423B /* Utils.h */ = {isa = PBXFileReference; fileEncoding = 4; lastKnownFileType = sourcecode.c.h; path = Utils.h; sourceTree = "<group>"; };
		EA3B94AD0E04639D00B6423B /* VertexShader.h */ = {isa = PBXFileReference; fileEncoding = 4; lastKnownFileType = sourcecode.c.h; path = VertexShader.h; sourceTree = "<group>"; };
		EA3B94E20E04639D00B6423B /* LSystem.h */ = {isa = PBXFileReference; fileEncoding = 4; lastKnownFileType = sourcecode.c.h; path = LSystem.h; sourceTree = "<group>"; };
		EA3B94E40E04639D00B6423B /* lua.h */ = {isa = PBXFileReference; fileEncoding = 4; lastKnownFileType = sourcecode.c.h; path = lua.h; sourceTree = "<group>"; };
		EA3B94E50E04639D00B6423B /* State.h */ = {isa = PBXFileReference; fileEncoding = 4; lastKnownFileType = sourcecode.c.h; path = State.h; sourceTree = "<group>"; };
		EA3B94FB0E04639D00B6423B /* Platform.cpp */ = {isa = PBXFileReference; fileEncoding = 4; lastKnownFileType = sourcecode.cpp.cpp; path = Platform.cpp; sourceTree = "<group>"; };
		EA3B94FC0E04639D00B6423B /* Platform.h */ = {isa = PBXFileReference; fileEncoding = 4; lastKnownFileType = sourcecode.c.h; path = Platform.h; sourceTree = "<group>"; };
		EA3B94FE0E04639D00B6423B /* Platform_Mac.cpp */ = {isa = PBXFileReference; fileEncoding = 4; lastKnownFileType = sourcecode.cpp.cpp; path = Platform_Mac.cpp; sourceTree = "<group>"; };
		EA3B95010E04639D00B6423B /* File.h */ = {isa = PBXFileReference; fileEncoding = 4; lastKnownFileType = sourcecode.c.h; path = File.h; sourceTree = "<group>"; };
		EA3B95020E04639D00B6423B /* Loader.h */ = {isa = PBXFileReference; fileEncoding = 4; lastKnownFileType = sourcecode.c.h; path = Loader.h; sourceTree = "<group>"; };
		EA3B95040E04639D00B6423B /* Repository.h */ = {isa = PBXFileReference; fileEncoding = 4; lastKnownFileType = sourcecode.c.h; path = Repository.h; sourceTree = "<group>"; };
		EA3B96740E046C5400B6423B /* Generator.h */ = {isa = PBXFileReference; fileEncoding = 4; lastKnownFileType = sourcecode.c.h; path = Generator.h; sourceTree = "<group>"; };
		EA3B96760E046C5400B6423B /* Matrix.h */ = {isa = PBXFileReference; fileEncoding = 4; lastKnownFileType = sourcecode.c.h; path = Matrix.h; sourceTree = "<group>"; };
		EA3B96770E046C5400B6423B /* Rect.h */ = {isa = PBXFileReference; fileEncoding = 4; lastKnownFileType = sourcecode.c.h; path = Rect.h; sourceTree = "<group>"; };
		EA3B96780E046C5400B6423B /* Vec2.h */ = {isa = PBXFileReference; fileEncoding = 4; lastKnownFileType = sourcecode.c.h; path = Vec2.h; sourceTree = "<group>"; };
		EA3B96790E046C5400B6423B /* Vec3.h */ = {isa = PBXFileReference; fileEncoding = 4; lastKnownFileType = sourcecode.c.h; path = Vec3.h; sourceTree = "<group>"; };
		EA3B967A0E046C5400B6423B /* Vec4.h */ = {isa = PBXFileReference; fileEncoding = 4; lastKnownFileType = sourcecode.c.h; path = Vec4.h; sourceTree = "<group>"; };
		EA3B990A0E04903700B6423B /* lmath.h */ = {isa = PBXFileReference; fileEncoding = 4; lastKnownFileType = sourcecode.c.h; path = lmath.h; sourceTree = "<group>"; };
		EA7116670E2942D000279E0B /* DefaultLoader.h */ = {isa = PBXFileReference; fileEncoding = 4; lastKnownFileType = sourcecode.c.h; path = DefaultLoader.h; sourceTree = "<group>"; };
		EA7116680E2942D000279E0B /* ApplicationResourceRepository.h */ = {isa = PBXFileReference; fileEncoding = 4; lastKnownFileType = sourcecode.c.h; path = ApplicationResourceRepository.h; sourceTree = "<group>"; };
		EA7CF53B0E2EAE70006E9E8A /* zlib.xcodeproj */ = {isa = PBXFileReference; lastKnownFileType = "wrapper.pb-project"; name = zlib.xcodeproj; path = ../../../thirdparty/zlib/zlib_1_2_3/mac/zlib.xcodeproj; sourceTree = SOURCE_ROOT; };
		EA7CF62F0E2ECFF7006E9E8A /* freetype.xcodeproj */ = {isa = PBXFileReference; lastKnownFileType = "wrapper.pb-project"; name = freetype.xcodeproj; path = ../../../thirdparty/freetype2/freetype_2_3_7/mac/freetype.xcodeproj; sourceTree = SOURCE_ROOT; };
		EA7CF6A00E2ED7E8006E9E8A /* boost.xcodeproj */ = {isa = PBXFileReference; lastKnownFileType = "wrapper.pb-project"; name = boost.xcodeproj; path = ../../../thirdparty/boost/boost_1_34_1/lib/mac/boost.xcodeproj; sourceTree = SOURCE_ROOT; };
		EA9A35300E297E3B0090BAD0 /* LuaLostCommonLog.cpp */ = {isa = PBXFileReference; fileEncoding = 4; lastKnownFileType = sourcecode.cpp.cpp; path = LuaLostCommonLog.cpp; sourceTree = "<group>"; };
		EA9A35DD0E299C540090BAD0 /* LuaLostResourceLoader.cpp */ = {isa = PBXFileReference; fileEncoding = 4; lastKnownFileType = sourcecode.cpp.cpp; path = LuaLostResourceLoader.cpp; sourceTree = "<group>"; };
		EA9A35DE0E299C540090BAD0 /* LuaLostResourceFile.cpp */ = {isa = PBXFileReference; fileEncoding = 4; lastKnownFileType = sourcecode.cpp.cpp; path = LuaLostResourceFile.cpp; sourceTree = "<group>"; };
		EA9A36520E29A61D0090BAD0 /* ModuleLoader.h */ = {isa = PBXFileReference; fileEncoding = 4; lastKnownFileType = sourcecode.c.h; path = ModuleLoader.h; sourceTree = "<group>"; };
		EA9A36530E29A61D0090BAD0 /* ModuleLoader.cpp */ = {isa = PBXFileReference; fileEncoding = 4; lastKnownFileType = sourcecode.cpp.cpp; path = ModuleLoader.cpp; sourceTree = "<group>"; };
		EAAA56330E285086002EB663 /* GlfwAdapter.h */ = {isa = PBXFileReference; fileEncoding = 4; lastKnownFileType = sourcecode.c.h; path = GlfwAdapter.h; sourceTree = "<group>"; };
		EAAA56340E285086002EB663 /* GlfwAdapter.cpp */ = {isa = PBXFileReference; fileEncoding = 4; lastKnownFileType = sourcecode.cpp.cpp; path = GlfwAdapter.cpp; sourceTree = "<group>"; };
		EAAA56720E2864A4002EB663 /* TimerManager.cpp */ = {isa = PBXFileReference; fileEncoding = 4; lastKnownFileType = sourcecode.cpp.cpp; path = TimerManager.cpp; sourceTree = "<group>"; };
		EAAA56730E2864A4002EB663 /* TimerManager.h */ = {isa = PBXFileReference; fileEncoding = 4; lastKnownFileType = sourcecode.c.h; path = TimerManager.h; sourceTree = "<group>"; };
		EAAA56940E286E4A002EB663 /* ApplicationEvent.h */ = {isa = PBXFileReference; fileEncoding = 4; lastKnownFileType = sourcecode.c.h; path = ApplicationEvent.h; sourceTree = "<group>"; };
		EAAF97660E15BD0900B28BF6 /* EventDispatcher.h */ = {isa = PBXFileReference; fileEncoding = 4; lastKnownFileType = sourcecode.c.h; path = EventDispatcher.h; sourceTree = "<group>"; };
		EAAF977D0E15C30400B28BF6 /* MouseEvent.h */ = {isa = PBXFileReference; fileEncoding = 4; lastKnownFileType = sourcecode.c.h; path = MouseEvent.h; sourceTree = "<group>"; };
		EAAF977F0E15C30400B28BF6 /* KeyEvent.h */ = {isa = PBXFileReference; fileEncoding = 4; lastKnownFileType = sourcecode.c.h; path = KeyEvent.h; sourceTree = "<group>"; };
		EAAF97F50E15CFD000B28BF6 /* ResizeEvent.h */ = {isa = PBXFileReference; fileEncoding = 4; lastKnownFileType = sourcecode.c.h; path = ResizeEvent.h; sourceTree = "<group>"; };
		EAAF98480E15DB9100B28BF6 /* TimerEvent.h */ = {isa = PBXFileReference; fileEncoding = 4; lastKnownFileType = sourcecode.c.h; path = TimerEvent.h; sourceTree = "<group>"; };
		EAC5C63B0E0B23E200B9DFAC /* LuaLostCommonDisplayAttributes.cpp */ = {isa = PBXFileReference; fileEncoding = 4; lastKnownFileType = sourcecode.cpp.cpp; path = LuaLostCommonDisplayAttributes.cpp; sourceTree = "<group>"; };
		EAC5C63C0E0B23E200B9DFAC /* LuaLostBitmapBitmapLoader.cpp */ = {isa = PBXFileReference; fileEncoding = 4; lastKnownFileType = sourcecode.cpp.cpp; path = LuaLostBitmapBitmapLoader.cpp; sourceTree = "<group>"; };
		EAC5C63D0E0B23E200B9DFAC /* LuaLostBitmapBitmap.cpp */ = {isa = PBXFileReference; fileEncoding = 4; lastKnownFileType = sourcecode.cpp.cpp; path = LuaLostBitmapBitmap.cpp; sourceTree = "<group>"; };
		EAC5C6410E0B23EC00B9DFAC /* LuaBindings.h */ = {isa = PBXFileReference; fileEncoding = 4; lastKnownFileType = sourcecode.c.h; path = LuaBindings.h; sourceTree = "<group>"; };
/* End PBXFileReference section */

/* Begin PBXFrameworksBuildPhase section */
		D289987405E68DCB004EDB86 /* Frameworks */ = {
			isa = PBXFrameworksBuildPhase;
			buildActionMask = 2147483647;
			files = (
				EA7CF6A60E2ED7F0006E9E8A /* libboost.a in Frameworks */,
				EA7CF6350E2ED002006E9E8A /* libfreetype.a in Frameworks */,
				EA3B94430E04626D00B6423B /* libluabind.a in Frameworks */,
				EA3B94440E04627100B6423B /* liblua.a in Frameworks */,
				EA3B944D0E0462CE00B6423B /* libglfw.a in Frameworks */,
				EA7CF5440E2EAE90006E9E8A /* libzlib.a in Frameworks */,
			);
			runOnlyForDeploymentPostprocessing = 0;
		};
/* End PBXFrameworksBuildPhase section */

/* Begin PBXGroup section */
		08FB7794FE84155DC02AAC07 /* LostEngine */ = {
			isa = PBXGroup;
			children = (
				EA3B94630E04639D00B6423B /* lost */,
				08FB7795FE84155DC02AAC07 /* thirdparty */,
				1AB674ADFE9D54B511CA2CBB /* Products */,
			);
			name = LostEngine;
			sourceTree = "<group>";
		};
		08FB7795FE84155DC02AAC07 /* thirdparty */ = {
			isa = PBXGroup;
			children = (
				EA3B96FA0E047B7400B6423B /* boost */,
				EA3B94510E0462F400B6423B /* zlib */,
				EA3B944E0E0462DB00B6423B /* stb */,
				EA3B944B0E0462BB00B6423B /* GLFW */,
				EA3B94480E0462A600B6423B /* GLee */,
				EA3B94450E04628C00B6423B /* freetype2 */,
				EA3B94310E04623600B6423B /* luabind */,
				EA3B94300E04622D00B6423B /* Lua */,
			);
			name = thirdparty;
			sourceTree = "<group>";
		};
		1AB674ADFE9D54B511CA2CBB /* Products */ = {
			isa = PBXGroup;
			children = (
				D2AAC046055464E500DB518D /* libLostEngine.a */,
			);
			name = Products;
			sourceTree = "<group>";
		};
		EA3B94270E04622200B6423B /* Products */ = {
			isa = PBXGroup;
			children = (
				EA3B942E0E04622200B6423B /* liblua.a */,
			);
			name = Products;
			sourceTree = "<group>";
		};
		EA3B94300E04622D00B6423B /* Lua */ = {
			isa = PBXGroup;
			children = (
				EA3B94260E04622200B6423B /* lua.xcodeproj */,
			);
			name = Lua;
			sourceTree = "<group>";
		};
		EA3B94310E04623600B6423B /* luabind */ = {
			isa = PBXGroup;
			children = (
				EA3B94350E04624300B6423B /* luabind.xcodeproj */,
			);
			name = luabind;
			sourceTree = "<group>";
		};
		EA3B94360E04624300B6423B /* Products */ = {
			isa = PBXGroup;
			children = (
				EA3B943D0E04624400B6423B /* libluabind.a */,
			);
			name = Products;
			sourceTree = "<group>";
		};
		EA3B94450E04628C00B6423B /* freetype2 */ = {
			isa = PBXGroup;
			children = (
				EA7CF62F0E2ECFF7006E9E8A /* freetype.xcodeproj */,
			);
			name = freetype2;
			sourceTree = "<group>";
		};
		EA3B94480E0462A600B6423B /* GLee */ = {
			isa = PBXGroup;
			children = (
				EA3B94490E0462B200B6423B /* GLee.c */,
			);
			name = GLee;
			sourceTree = "<group>";
		};
		EA3B944B0E0462BB00B6423B /* GLFW */ = {
			isa = PBXGroup;
			children = (
				EA3B944C0E0462CE00B6423B /* libglfw.a */,
			);
			name = GLFW;
			sourceTree = "<group>";
		};
		EA3B944E0E0462DB00B6423B /* stb */ = {
			isa = PBXGroup;
			children = (
				EA3B944F0E0462E200B6423B /* stb_image.c */,
			);
			name = stb;
			sourceTree = "<group>";
		};
		EA3B94510E0462F400B6423B /* zlib */ = {
			isa = PBXGroup;
			children = (
				EA7CF53B0E2EAE70006E9E8A /* zlib.xcodeproj */,
			);
			name = zlib;
			sourceTree = "<group>";
		};
		EA3B94630E04639D00B6423B /* lost */ = {
			isa = PBXGroup;
			children = (
				EA3B94640E04639D00B6423B /* application */,
				EA3B94690E04639D00B6423B /* bitmap */,
				EA3B946C0E04639D00B6423B /* common */,
				EA3B948E0E04639D00B6423B /* event */,
				EA3B94940E04639D00B6423B /* font */,
				EA3B949C0E04639D00B6423B /* gl */,
				EA3B94E10E04639D00B6423B /* lsystem */,
				EA3B94E30E04639D00B6423B /* lua */,
				EA3B96730E046C5400B6423B /* math */,
				EA3B94FA0E04639D00B6423B /* platform */,
				EA3B95000E04639D00B6423B /* resource */,
			);
			name = lost;
			path = ../lost;
			sourceTree = SOURCE_ROOT;
		};
		EA3B94640E04639D00B6423B /* application */ = {
			isa = PBXGroup;
			children = (
				EA3B94650E04639D00B6423B /* Application.cpp */,
				EA3B94660E04639D00B6423B /* Application.h */,
				EAAA56330E285086002EB663 /* GlfwAdapter.h */,
				EAAA56340E285086002EB663 /* GlfwAdapter.cpp */,
				EAAA56720E2864A4002EB663 /* TimerManager.cpp */,
				EAAA56730E2864A4002EB663 /* TimerManager.h */,
				EA3B94670E04639D00B6423B /* Timer.cpp */,
				EA3B94680E04639D00B6423B /* Timer.h */,
				EAAF98480E15DB9100B28BF6 /* TimerEvent.h */,
				EAAF977D0E15C30400B28BF6 /* MouseEvent.h */,
				EAAF977F0E15C30400B28BF6 /* KeyEvent.h */,
				EAAF97F50E15CFD000B28BF6 /* ResizeEvent.h */,
				EAAA56940E286E4A002EB663 /* ApplicationEvent.h */,
			);
			path = application;
			sourceTree = "<group>";
		};
		EA3B94690E04639D00B6423B /* bitmap */ = {
			isa = PBXGroup;
			children = (
				EA3B946A0E04639D00B6423B /* Bitmap.h */,
				EA3B946B0E04639D00B6423B /* BitmapLoader.h */,
			);
			path = bitmap;
			sourceTree = "<group>";
		};
		EA3B946C0E04639D00B6423B /* common */ = {
			isa = PBXGroup;
			children = (
				EA3B946D0E04639D00B6423B /* Color.h */,
				EA3B946F0E04639D00B6423B /* DisplayAttributes.h */,
				EA3B94710E04639D00B6423B /* FpsMeter.h */,
				EA3B94720E04639D00B6423B /* Logger.cpp */,
				EA3B94730E04639D00B6423B /* Logger.h */,
				EA3B94740E04639D00B6423B /* NullDeleter.h */,
				EA3B94750E04639D00B6423B /* Profiler.cpp */,
				EA3B94760E04639D00B6423B /* Profiler.h */,
				EA3B94770E04639D00B6423B /* ResourcePath.h */,
				EA3B94790E04639D00B6423B /* SpiritHelpers.h */,
			);
			path = common;
			sourceTree = "<group>";
		};
		EA3B948E0E04639D00B6423B /* event */ = {
			isa = PBXGroup;
			children = (
				EA3B948F0E04639D00B6423B /* Event.h */,
				EAAF97660E15BD0900B28BF6 /* EventDispatcher.h */,
			);
			path = event;
			sourceTree = "<group>";
		};
		EA3B94940E04639D00B6423B /* font */ = {
			isa = PBXGroup;
			children = (
				EA3B94950E04639D00B6423B /* BitmapFont.h */,
				EA3B94960E04639D00B6423B /* Font.h */,
				EA3B94970E04639D00B6423B /* freetype */,
				EA3B949B0E04639D00B6423B /* TrueTypeFont.h */,
			);
			path = font;
			sourceTree = "<group>";
		};
		EA3B94970E04639D00B6423B /* freetype */ = {
			isa = PBXGroup;
			children = (
				EA3B94980E04639D00B6423B /* Face.h */,
				EA3B94990E04639D00B6423B /* Glyph.h */,
				EA3B949A0E04639D00B6423B /* Library.h */,
			);
			path = freetype;
			sourceTree = "<group>";
		};
		EA3B949C0E04639D00B6423B /* gl */ = {
			isa = PBXGroup;
			children = (
				EA3B949D0E04639D00B6423B /* DisplayList.h */,
				EA3B949E0E04639D00B6423B /* Draw.h */,
				EA3B949F0E04639D00B6423B /* FragmentShader.h */,
				EA3B94A00E04639D00B6423B /* FrameBuffer.h */,
				EA3B94A10E04639D00B6423B /* gl.h */,
				EA3B94A20E04639D00B6423B /* PushAttrib.h */,
				EA3B94A30E04639D00B6423B /* PushClientAttrib.h */,
				EA3B94A40E04639D00B6423B /* RenderBuffer.h */,
				EA3B94A50E04639D00B6423B /* Scissor.h */,
				EA3B94A60E04639D00B6423B /* Shader.h */,
				EA3B94A80E04639D00B6423B /* ShaderHelper.h */,
				EA3B94AA0E04639D00B6423B /* ShaderProgram.h */,
				EA3B94AB0E04639D00B6423B /* Texture.h */,
				EA3B94AC0E04639D00B6423B /* Utils.h */,
				EA3B94AD0E04639D00B6423B /* VertexShader.h */,
			);
			path = gl;
			sourceTree = "<group>";
		};
		EA3B94E10E04639D00B6423B /* lsystem */ = {
			isa = PBXGroup;
			children = (
				EA3B94E20E04639D00B6423B /* LSystem.h */,
			);
			path = lsystem;
			sourceTree = "<group>";
		};
		EA3B94E30E04639D00B6423B /* lua */ = {
			isa = PBXGroup;
			children = (
				EA3B94E40E04639D00B6423B /* lua.h */,
				EA3B94E50E04639D00B6423B /* State.h */,
				EA9A36520E29A61D0090BAD0 /* ModuleLoader.h */,
				EA9A36530E29A61D0090BAD0 /* ModuleLoader.cpp */,
				EAC5C6410E0B23EC00B9DFAC /* LuaBindings.h */,
				EA24DB160E2A5E66007AFAB0 /* LuaLostApplicationApplication.cpp */,
				EA24DC520E2AC261007AFAB0 /* LuaLostApplicationResizeEvent.cpp */,
				EA24DC530E2AC261007AFAB0 /* LuaLostApplicationKeyEvent.cpp */,
				EA24DC540E2AC261007AFAB0 /* LuaLostApplicationTimerEvent.cpp */,
				EA24DC550E2AC261007AFAB0 /* LuaLostApplicationMouseEvent.cpp */,
				EA24DC560E2AC261007AFAB0 /* LuaLostApplicationApplicationEvent.cpp */,
				EAC5C63B0E0B23E200B9DFAC /* LuaLostCommonDisplayAttributes.cpp */,
				EAC5C63C0E0B23E200B9DFAC /* LuaLostBitmapBitmapLoader.cpp */,
				EAC5C63D0E0B23E200B9DFAC /* LuaLostBitmapBitmap.cpp */,
				EA9A35300E297E3B0090BAD0 /* LuaLostCommonLog.cpp */,
				EA24DAEA0E2A5AEF007AFAB0 /* LuaLostEventEvent.cpp */,
				EA24DB090E2A5DF3007AFAB0 /* LuaLostEventEventDispatcher.cpp */,
				EA9A35DD0E299C540090BAD0 /* LuaLostResourceLoader.cpp */,
				EA9A35DE0E299C540090BAD0 /* LuaLostResourceFile.cpp */,
			);
			path = lua;
			sourceTree = "<group>";
		};
		EA3B94FA0E04639D00B6423B /* platform */ = {
			isa = PBXGroup;
			children = (
				EA3B94FB0E04639D00B6423B /* Platform.cpp */,
				EA3B94FC0E04639D00B6423B /* Platform.h */,
				EA3B94FE0E04639D00B6423B /* Platform_Mac.cpp */,
			);
			path = platform;
			sourceTree = "<group>";
		};
		EA3B95000E04639D00B6423B /* resource */ = {
			isa = PBXGroup;
			children = (
				EA7116670E2942D000279E0B /* DefaultLoader.h */,
				EA7116680E2942D000279E0B /* ApplicationResourceRepository.h */,
				EA3B95010E04639D00B6423B /* File.h */,
				EA3B95020E04639D00B6423B /* Loader.h */,
				EA3B95040E04639D00B6423B /* Repository.h */,
			);
			path = resource;
			sourceTree = "<group>";
		};
		EA3B96730E046C5400B6423B /* math */ = {
			isa = PBXGroup;
			children = (
				EA3B96740E046C5400B6423B /* Generator.h */,
				EA3B990A0E04903700B6423B /* lmath.h */,
				EA3B96760E046C5400B6423B /* Matrix.h */,
				EA3B96770E046C5400B6423B /* Rect.h */,
				EA3B96780E046C5400B6423B /* Vec2.h */,
				EA3B96790E046C5400B6423B /* Vec3.h */,
				EA3B967A0E046C5400B6423B /* Vec4.h */,
			);
			path = math;
			sourceTree = "<group>";
		};
		EA3B96FA0E047B7400B6423B /* boost */ = {
			isa = PBXGroup;
			children = (
				EA7CF6A00E2ED7E8006E9E8A /* boost.xcodeproj */,
			);
			name = boost;
			sourceTree = "<group>";
		};
		EA7CF53C0E2EAE70006E9E8A /* Products */ = {
			isa = PBXGroup;
			children = (
				EA7CF5430E2EAE70006E9E8A /* libzlib.a */,
			);
			name = Products;
			sourceTree = "<group>";
		};
		EA7CF6300E2ECFF7006E9E8A /* Products */ = {
			isa = PBXGroup;
			children = (
				EA7CF6340E2ECFF8006E9E8A /* libfreetype.a */,
			);
			name = Products;
			sourceTree = "<group>";
		};
		EA7CF6A10E2ED7E8006E9E8A /* Products */ = {
			isa = PBXGroup;
			children = (
				EA7CF6A50E2ED7E8006E9E8A /* libboost.a */,
			);
			name = Products;
			sourceTree = "<group>";
		};
/* End PBXGroup section */

/* Begin PBXHeadersBuildPhase section */
		D2AAC043055464E500DB518D /* Headers */ = {
			isa = PBXHeadersBuildPhase;
			buildActionMask = 2147483647;
			files = (
				EA3B952E0E04639D00B6423B /* Application.h in Headers */,
				EA3B95300E04639D00B6423B /* Timer.h in Headers */,
				EA3B95310E04639D00B6423B /* Bitmap.h in Headers */,
				EA3B95320E04639D00B6423B /* BitmapLoader.h in Headers */,
				EA3B95330E04639D00B6423B /* Color.h in Headers */,
				EA3B95350E04639D00B6423B /* DisplayAttributes.h in Headers */,
				EA3B95370E04639D00B6423B /* FpsMeter.h in Headers */,
				EA3B95390E04639D00B6423B /* Logger.h in Headers */,
				EA3B953A0E04639D00B6423B /* NullDeleter.h in Headers */,
				EA3B953C0E04639D00B6423B /* Profiler.h in Headers */,
				EA3B953D0E04639D00B6423B /* ResourcePath.h in Headers */,
				EA3B953F0E04639D00B6423B /* SpiritHelpers.h in Headers */,
				EA3B95500E04639D00B6423B /* Event.h in Headers */,
				EA3B95550E04639D00B6423B /* BitmapFont.h in Headers */,
				EA3B95560E04639D00B6423B /* Font.h in Headers */,
				EA3B95570E04639D00B6423B /* Face.h in Headers */,
				EA3B95580E04639D00B6423B /* Glyph.h in Headers */,
				EA3B95590E04639D00B6423B /* Library.h in Headers */,
				EA3B955A0E04639D00B6423B /* TrueTypeFont.h in Headers */,
				EA3B955B0E04639D00B6423B /* DisplayList.h in Headers */,
				EA3B955C0E04639D00B6423B /* Draw.h in Headers */,
				EA3B955D0E04639D00B6423B /* FragmentShader.h in Headers */,
				EA3B955E0E04639D00B6423B /* FrameBuffer.h in Headers */,
				EA3B955F0E04639D00B6423B /* gl.h in Headers */,
				EA3B95600E04639D00B6423B /* PushAttrib.h in Headers */,
				EA3B95610E04639D00B6423B /* PushClientAttrib.h in Headers */,
				EA3B95620E04639D00B6423B /* RenderBuffer.h in Headers */,
				EA3B95630E04639D00B6423B /* Scissor.h in Headers */,
				EA3B95640E04639D00B6423B /* Shader.h in Headers */,
				EA3B95660E04639D00B6423B /* ShaderHelper.h in Headers */,
				EA3B95680E04639D00B6423B /* ShaderProgram.h in Headers */,
				EA3B95690E04639D00B6423B /* Texture.h in Headers */,
				EA3B956A0E04639D00B6423B /* Utils.h in Headers */,
				EA3B956B0E04639D00B6423B /* VertexShader.h in Headers */,
				EA3B95980E04639D00B6423B /* LSystem.h in Headers */,
				EA3B95990E04639D00B6423B /* lua.h in Headers */,
				EA3B959A0E04639D00B6423B /* State.h in Headers */,
				EA3B95AC0E04639D00B6423B /* Platform.h in Headers */,
				EA3B95B00E04639D00B6423B /* File.h in Headers */,
				EA3B95B10E04639D00B6423B /* Loader.h in Headers */,
				EA3B95B30E04639D00B6423B /* Repository.h in Headers */,
				EA3B967B0E046C5400B6423B /* Generator.h in Headers */,
				EA3B967D0E046C5400B6423B /* Matrix.h in Headers */,
				EA3B967E0E046C5400B6423B /* Rect.h in Headers */,
				EA3B967F0E046C5400B6423B /* Vec2.h in Headers */,
				EA3B96800E046C5400B6423B /* Vec3.h in Headers */,
				EA3B96810E046C5400B6423B /* Vec4.h in Headers */,
				EA3B990B0E04903700B6423B /* lmath.h in Headers */,
				EAC5C6420E0B23EC00B9DFAC /* LuaBindings.h in Headers */,
				EAAF97670E15BD0900B28BF6 /* EventDispatcher.h in Headers */,
				EAAF97810E15C30400B28BF6 /* MouseEvent.h in Headers */,
				EAAF97830E15C30400B28BF6 /* KeyEvent.h in Headers */,
				EAAF97F70E15CFD000B28BF6 /* ResizeEvent.h in Headers */,
				EAAF984A0E15DB9100B28BF6 /* TimerEvent.h in Headers */,
				EAAA56350E285086002EB663 /* GlfwAdapter.h in Headers */,
				EAAA56750E2864A4002EB663 /* TimerManager.h in Headers */,
				EAAA56950E286E4A002EB663 /* ApplicationEvent.h in Headers */,
				EA7116690E2942D000279E0B /* DefaultLoader.h in Headers */,
				EA71166A0E2942D000279E0B /* ApplicationResourceRepository.h in Headers */,
				EA9A36540E29A61D0090BAD0 /* ModuleLoader.h in Headers */,
			);
			runOnlyForDeploymentPostprocessing = 0;
		};
/* End PBXHeadersBuildPhase section */

/* Begin PBXNativeTarget section */
		D2AAC045055464E500DB518D /* LostEngine */ = {
			isa = PBXNativeTarget;
			buildConfigurationList = 1DEB91EB08733DB70010E9CD /* Build configuration list for PBXNativeTarget "LostEngine" */;
			buildPhases = (
				D2AAC043055464E500DB518D /* Headers */,
				D2AAC044055464E500DB518D /* Sources */,
				D289987405E68DCB004EDB86 /* Frameworks */,
			);
			buildRules = (
			);
			dependencies = (
				EA3B94400E04625B00B6423B /* PBXTargetDependency */,
				EA3B94420E04626000B6423B /* PBXTargetDependency */,
				EA7CF5460E2EAE9E006E9E8A /* PBXTargetDependency */,
				EA7CF6370E2ED00A006E9E8A /* PBXTargetDependency */,
				EA7CF6A80E2ED80A006E9E8A /* PBXTargetDependency */,
			);
			name = LostEngine;
			productName = LostEngine;
			productReference = D2AAC046055464E500DB518D /* libLostEngine.a */;
			productType = "com.apple.product-type.library.static";
		};
/* End PBXNativeTarget section */

/* Begin PBXProject section */
		08FB7793FE84155DC02AAC07 /* Project object */ = {
			isa = PBXProject;
			buildConfigurationList = 1DEB91EF08733DB70010E9CD /* Build configuration list for PBXProject "LostEngine" */;
			compatibilityVersion = "Xcode 3.1";
			hasScannedForEncodings = 1;
			mainGroup = 08FB7794FE84155DC02AAC07 /* LostEngine */;
			projectDirPath = "";
			projectReferences = (
				{
					ProductGroup = EA7CF6A10E2ED7E8006E9E8A /* Products */;
					ProjectRef = EA7CF6A00E2ED7E8006E9E8A /* boost.xcodeproj */;
				},
				{
					ProductGroup = EA7CF6300E2ECFF7006E9E8A /* Products */;
					ProjectRef = EA7CF62F0E2ECFF7006E9E8A /* freetype.xcodeproj */;
				},
				{
					ProductGroup = EA3B94270E04622200B6423B /* Products */;
					ProjectRef = EA3B94260E04622200B6423B /* lua.xcodeproj */;
				},
				{
					ProductGroup = EA3B94360E04624300B6423B /* Products */;
					ProjectRef = EA3B94350E04624300B6423B /* luabind.xcodeproj */;
				},
				{
					ProductGroup = EA7CF53C0E2EAE70006E9E8A /* Products */;
					ProjectRef = EA7CF53B0E2EAE70006E9E8A /* zlib.xcodeproj */;
				},
			);
			projectRoot = "";
			targets = (
				D2AAC045055464E500DB518D /* LostEngine */,
			);
		};
/* End PBXProject section */

/* Begin PBXReferenceProxy section */
		EA3B942E0E04622200B6423B /* liblua.a */ = {
			isa = PBXReferenceProxy;
			fileType = archive.ar;
			path = liblua.a;
			remoteRef = EA3B942D0E04622200B6423B /* PBXContainerItemProxy */;
			sourceTree = BUILT_PRODUCTS_DIR;
		};
		EA3B943D0E04624400B6423B /* libluabind.a */ = {
			isa = PBXReferenceProxy;
			fileType = archive.ar;
			path = libluabind.a;
			remoteRef = EA3B943C0E04624400B6423B /* PBXContainerItemProxy */;
			sourceTree = BUILT_PRODUCTS_DIR;
		};
		EA7CF5430E2EAE70006E9E8A /* libzlib.a */ = {
			isa = PBXReferenceProxy;
			fileType = archive.ar;
			path = libzlib.a;
			remoteRef = EA7CF5420E2EAE70006E9E8A /* PBXContainerItemProxy */;
			sourceTree = BUILT_PRODUCTS_DIR;
		};
		EA7CF6340E2ECFF8006E9E8A /* libfreetype.a */ = {
			isa = PBXReferenceProxy;
			fileType = archive.ar;
			path = libfreetype.a;
			remoteRef = EA7CF6330E2ECFF8006E9E8A /* PBXContainerItemProxy */;
			sourceTree = BUILT_PRODUCTS_DIR;
		};
		EA7CF6A50E2ED7E8006E9E8A /* libboost.a */ = {
			isa = PBXReferenceProxy;
			fileType = archive.ar;
			path = libboost.a;
			remoteRef = EA7CF6A40E2ED7E8006E9E8A /* PBXContainerItemProxy */;
			sourceTree = BUILT_PRODUCTS_DIR;
		};
/* End PBXReferenceProxy section */

/* Begin PBXSourcesBuildPhase section */
		D2AAC044055464E500DB518D /* Sources */ = {
			isa = PBXSourcesBuildPhase;
			buildActionMask = 2147483647;
			files = (
				EA3B944A0E0462B200B6423B /* GLee.c in Sources */,
				EA3B94500E0462E200B6423B /* stb_image.c in Sources */,
				EA3B952D0E04639D00B6423B /* Application.cpp in Sources */,
				EA3B952F0E04639D00B6423B /* Timer.cpp in Sources */,
				EA3B95380E04639D00B6423B /* Logger.cpp in Sources */,
				EA3B953B0E04639D00B6423B /* Profiler.cpp in Sources */,
				EA3B95AB0E04639D00B6423B /* Platform.cpp in Sources */,
				EA3B95AE0E04639D00B6423B /* Platform_Mac.cpp in Sources */,
				EAC5C63E0E0B23E200B9DFAC /* LuaLostCommonDisplayAttributes.cpp in Sources */,
				EAC5C63F0E0B23E200B9DFAC /* LuaLostBitmapBitmapLoader.cpp in Sources */,
				EAC5C6400E0B23E200B9DFAC /* LuaLostBitmapBitmap.cpp in Sources */,
				EAAA56360E285086002EB663 /* GlfwAdapter.cpp in Sources */,
				EAAA56740E2864A4002EB663 /* TimerManager.cpp in Sources */,
				EA9A35310E297E3B0090BAD0 /* LuaLostCommonLog.cpp in Sources */,
				EA9A35DF0E299C540090BAD0 /* LuaLostResourceLoader.cpp in Sources */,
				EA9A35E00E299C540090BAD0 /* LuaLostResourceFile.cpp in Sources */,
				EA9A36550E29A61D0090BAD0 /* ModuleLoader.cpp in Sources */,
				EA24DAEB0E2A5AEF007AFAB0 /* LuaLostEventEvent.cpp in Sources */,
				EA24DB0A0E2A5DF3007AFAB0 /* LuaLostEventEventDispatcher.cpp in Sources */,
				EA24DB170E2A5E66007AFAB0 /* LuaLostApplicationApplication.cpp in Sources */,
				EA24DC570E2AC261007AFAB0 /* LuaLostApplicationResizeEvent.cpp in Sources */,
				EA24DC580E2AC261007AFAB0 /* LuaLostApplicationKeyEvent.cpp in Sources */,
				EA24DC590E2AC261007AFAB0 /* LuaLostApplicationTimerEvent.cpp in Sources */,
				EA24DC5A0E2AC261007AFAB0 /* LuaLostApplicationMouseEvent.cpp in Sources */,
				EA24DC5B0E2AC261007AFAB0 /* LuaLostApplicationApplicationEvent.cpp in Sources */,
			);
			runOnlyForDeploymentPostprocessing = 0;
		};
/* End PBXSourcesBuildPhase section */

/* Begin PBXTargetDependency section */
		EA3B94400E04625B00B6423B /* PBXTargetDependency */ = {
			isa = PBXTargetDependency;
			name = luabind;
			targetProxy = EA3B943F0E04625B00B6423B /* PBXContainerItemProxy */;
		};
		EA3B94420E04626000B6423B /* PBXTargetDependency */ = {
			isa = PBXTargetDependency;
			name = lua;
			targetProxy = EA3B94410E04626000B6423B /* PBXContainerItemProxy */;
		};
		EA7CF5460E2EAE9E006E9E8A /* PBXTargetDependency */ = {
			isa = PBXTargetDependency;
			name = zlib;
			targetProxy = EA7CF5450E2EAE9E006E9E8A /* PBXContainerItemProxy */;
		};
		EA7CF6370E2ED00A006E9E8A /* PBXTargetDependency */ = {
			isa = PBXTargetDependency;
			name = freetype;
			targetProxy = EA7CF6360E2ED00A006E9E8A /* PBXContainerItemProxy */;
		};
		EA7CF6A80E2ED80A006E9E8A /* PBXTargetDependency */ = {
			isa = PBXTargetDependency;
			name = boost;
			targetProxy = EA7CF6A70E2ED80A006E9E8A /* PBXContainerItemProxy */;
		};
/* End PBXTargetDependency section */

/* Begin XCBuildConfiguration section */
		1DEB91EC08733DB70010E9CD /* Debug */ = {
			isa = XCBuildConfiguration;
			buildSettings = {
				ALWAYS_SEARCH_USER_PATHS = NO;
				COPY_PHASE_STRIP = NO;
				GCC_DYNAMIC_NO_PIC = NO;
				GCC_ENABLE_FIX_AND_CONTINUE = YES;
				GCC_MODEL_TUNING = G5;
				GCC_OPTIMIZATION_LEVEL = 0;
				INSTALL_PATH = /usr/local/lib;
				LIBRARY_SEARCH_PATHS = (
					"$(inherited)",
					"\"$(SRCROOT)/../../../thirdparty/freetype2/freetype_2_3_5/lib/mac\"",
					"\"$(SRCROOT)/../../../thirdparty/glfw/glfw_2_6/lib/mac\"",
					"\"$(SRCROOT)/../../../thirdparty/zlib/zlib_1_2_3/mac\"",
					"\"$(SRCROOT)/../../../thirdparty/boost/boost_1_34_1/lib/mac\"",
				);
				PRODUCT_NAME = LostEngine;
			};
			name = Debug;
		};
		1DEB91ED08733DB70010E9CD /* Release */ = {
			isa = XCBuildConfiguration;
			buildSettings = {
				ALWAYS_SEARCH_USER_PATHS = NO;
				DEBUG_INFORMATION_FORMAT = "dwarf-with-dsym";
				GCC_MODEL_TUNING = G5;
				INSTALL_PATH = /usr/local/lib;
				LIBRARY_SEARCH_PATHS = (
					"$(inherited)",
					"\"$(SRCROOT)/../../../thirdparty/freetype2/freetype_2_3_5/lib/mac\"",
					"\"$(SRCROOT)/../../../thirdparty/glfw/glfw_2_6/lib/mac\"",
					"\"$(SRCROOT)/../../../thirdparty/zlib/zlib_1_2_3/mac\"",
					"\"$(SRCROOT)/../../../thirdparty/boost/boost_1_34_1/lib/mac\"",
				);
				PRODUCT_NAME = LostEngine;
			};
			name = Release;
		};
		1DEB91F008733DB70010E9CD /* Debug */ = {
			isa = XCBuildConfiguration;
			buildSettings = {
				ALWAYS_SEARCH_USER_PATHS = NO;
				ARCHS = "$(ARCHS_STANDARD_32_BIT)";
				GCC_C_LANGUAGE_STANDARD = c99;
				GCC_OPTIMIZATION_LEVEL = 0;
				GCC_WARN_ABOUT_RETURN_TYPE = YES;
				GCC_WARN_UNUSED_VARIABLE = YES;
				HEADER_SEARCH_PATHS = (
					"\"$(SRCROOT)/../../../thirdparty/boost/boost_1_34_1/include\"",
					"\"$(SRCROOT)/../../../thirdparty/freetype2/freetype_2_3_7/include\"",
					"\"$(SRCROOT)/../../../thirdparty/glee/glee_5_21/include\"",
					"\"$(SRCROOT)/../../../thirdparty/glfw/glfw_2_6/include\"",
					"\"$(SRCROOT)/../../../thirdparty/lua/lua_5_1_3/include\"",
					"\"$(SRCROOT)/../../../thirdparty/luabind/luabind_0_7/original\"",
					"\"$(SRCROOT)/../../../thirdparty/stb/stb_image_1_14\"",
					"\"$(SRCROOT)/../../../thirdparty/zlib/zlib_1_2_3/include\"",
				);
				ONLY_ACTIVE_ARCH = YES;
				PREBINDING = NO;
				SDKROOT = macosx10.5;
				USER_HEADER_SEARCH_PATHS = "\"$(SRCROOT)/..\"";
			};
			name = Debug;
		};
		1DEB91F108733DB70010E9CD /* Release */ = {
			isa = XCBuildConfiguration;
			buildSettings = {
				ARCHS = "$(ARCHS_STANDARD_32_BIT)";
				GCC_C_LANGUAGE_STANDARD = c99;
				GCC_WARN_ABOUT_RETURN_TYPE = YES;
				GCC_WARN_UNUSED_VARIABLE = YES;
				HEADER_SEARCH_PATHS = (
					"\"$(SRCROOT)/../../../thirdparty/boost/boost_1_34_1/include\"",
					"\"$(SRCROOT)/../../../thirdparty/freetype2/freetype_2_3_5/include\"",
					"\"$(SRCROOT)/../../../thirdparty/glee/glee_5_21/include\"",
					"\"$(SRCROOT)/../../../thirdparty/glfw/glfw_2_6/include\"",
					"\"$(SRCROOT)/../../../thirdparty/lua/lua_5_1_3/include\"",
					"\"$(SRCROOT)/../../../thirdparty/luabind/luabind_0_7/original\"",
					"\"$(SRCROOT)/../../../thirdparty/stb/stb_image_1_14\"",
					"\"$(SRCROOT)/../../../thirdparty/zlib/zlib_1_2_3/include\"",
					"\"$(SRCROOT)/..\"",
				);
				PREBINDING = NO;
				SDKROOT = macosx10.5;
			};
			name = Release;
		};
/* End XCBuildConfiguration section */

/* Begin XCConfigurationList section */
		1DEB91EB08733DB70010E9CD /* Build configuration list for PBXNativeTarget "LostEngine" */ = {
			isa = XCConfigurationList;
			buildConfigurations = (
				1DEB91EC08733DB70010E9CD /* Debug */,
				1DEB91ED08733DB70010E9CD /* Release */,
			);
			defaultConfigurationIsVisible = 0;
			defaultConfigurationName = Release;
		};
		1DEB91EF08733DB70010E9CD /* Build configuration list for PBXProject "LostEngine" */ = {
			isa = XCConfigurationList;
			buildConfigurations = (
				1DEB91F008733DB70010E9CD /* Debug */,
				1DEB91F108733DB70010E9CD /* Release */,
			);
			defaultConfigurationIsVisible = 0;
			defaultConfigurationName = Release;
		};
/* End XCConfigurationList section */
	};
	rootObject = 08FB7793FE84155DC02AAC07 /* Project object */;
}
